// !$*UTF8*$!
{
	archiveVersion = 1;
	classes = {
	};
	objectVersion = 77;
	objects = {

/* Begin PBXBuildFile section */
		7F4C45412DA985D700F07B25 /* OursPrivacy.framework in Frameworks */ = {isa = PBXBuildFile; fileRef = 7F4C453F2DA985BD00F07B25 /* OursPrivacy.framework */; };
		7F4C45422DA985D700F07B25 /* OursPrivacy.framework in Embed Frameworks */ = {isa = PBXBuildFile; fileRef = 7F4C453F2DA985BD00F07B25 /* OursPrivacy.framework */; settings = {ATTRIBUTES = (CodeSignOnCopy, RemoveHeadersOnCopy, ); }; };
/* End PBXBuildFile section */

/* Begin PBXContainerItemProxy section */
		7F4C45062DA9837D00F07B25 /* PBXContainerItemProxy */ = {
			isa = PBXContainerItemProxy;
			containerPortal = 7F4C44E72DA9837900F07B25 /* Project object */;
			proxyType = 1;
			remoteGlobalIDString = 7F4C44EE2DA9837A00F07B25;
			remoteInfo = OPTestApp;
		};
		7F4C45102DA9837D00F07B25 /* PBXContainerItemProxy */ = {
			isa = PBXContainerItemProxy;
			containerPortal = 7F4C44E72DA9837900F07B25 /* Project object */;
			proxyType = 1;
			remoteGlobalIDString = 7F4C44EE2DA9837A00F07B25;
			remoteInfo = OPTestApp;
		};
/* End PBXContainerItemProxy section */

/* Begin PBXCopyFilesBuildPhase section */
		7F4C45272DA984EA00F07B25 /* Embed Frameworks */ = {
			isa = PBXCopyFilesBuildPhase;
			buildActionMask = 2147483647;
			dstPath = "";
			dstSubfolderSpec = 10;
			files = (
				7F4C45422DA985D700F07B25 /* OursPrivacy.framework in Embed Frameworks */,
			);
			name = "Embed Frameworks";
			runOnlyForDeploymentPostprocessing = 0;
		};
/* End PBXCopyFilesBuildPhase section */

/* Begin PBXFileReference section */
		7F4C44EF2DA9837A00F07B25 /* OPTestApp.app */ = {isa = PBXFileReference; explicitFileType = wrapper.application; includeInIndex = 0; path = OPTestApp.app; sourceTree = BUILT_PRODUCTS_DIR; };
		7F4C45052DA9837D00F07B25 /* OPTestAppTests.xctest */ = {isa = PBXFileReference; explicitFileType = wrapper.cfbundle; includeInIndex = 0; path = OPTestAppTests.xctest; sourceTree = BUILT_PRODUCTS_DIR; };
		7F4C450F2DA9837D00F07B25 /* OPTestAppUITests.xctest */ = {isa = PBXFileReference; explicitFileType = wrapper.cfbundle; includeInIndex = 0; path = OPTestAppUITests.xctest; sourceTree = BUILT_PRODUCTS_DIR; };
		7F4C453F2DA985BD00F07B25 /* OursPrivacy.framework */ = {isa = PBXFileReference; lastKnownFileType = wrapper.framework; name = OursPrivacy.framework; path = "../../OursPrivacy.xcframework/ios-arm64/OursPrivacy.framework"; sourceTree = SOURCE_ROOT; };
/* End PBXFileReference section */

/* Begin PBXFileSystemSynchronizedBuildFileExceptionSet section */
		7F4C45172DA9837D00F07B25 /* Exceptions for "OPTestApp" folder in "OPTestApp" target */ = {
			isa = PBXFileSystemSynchronizedBuildFileExceptionSet;
			membershipExceptions = (
				Info.plist,
			);
			target = 7F4C44EE2DA9837A00F07B25 /* OPTestApp */;
		};
/* End PBXFileSystemSynchronizedBuildFileExceptionSet section */

/* Begin PBXFileSystemSynchronizedRootGroup section */
		7F4C44F12DA9837A00F07B25 /* OPTestApp */ = {
			isa = PBXFileSystemSynchronizedRootGroup;
			exceptions = (
				7F4C45172DA9837D00F07B25 /* Exceptions for "OPTestApp" folder in "OPTestApp" target */,
			);
			path = OPTestApp;
			sourceTree = "<group>";
		};
		7F4C45082DA9837D00F07B25 /* OPTestAppTests */ = {
			isa = PBXFileSystemSynchronizedRootGroup;
			path = OPTestAppTests;
			sourceTree = "<group>";
		};
		7F4C45122DA9837D00F07B25 /* OPTestAppUITests */ = {
			isa = PBXFileSystemSynchronizedRootGroup;
			path = OPTestAppUITests;
			sourceTree = "<group>";
		};
/* End PBXFileSystemSynchronizedRootGroup section */

/* Begin PBXFrameworksBuildPhase section */
		7F4C44EC2DA9837A00F07B25 /* Frameworks */ = {
			isa = PBXFrameworksBuildPhase;
			buildActionMask = 2147483647;
			files = (
				7F4C45412DA985D700F07B25 /* OursPrivacy.framework in Frameworks */,
			);
			runOnlyForDeploymentPostprocessing = 0;
		};
		7F4C45022DA9837D00F07B25 /* Frameworks */ = {
			isa = PBXFrameworksBuildPhase;
			buildActionMask = 2147483647;
			files = (
			);
			runOnlyForDeploymentPostprocessing = 0;
		};
		7F4C450C2DA9837D00F07B25 /* Frameworks */ = {
			isa = PBXFrameworksBuildPhase;
			buildActionMask = 2147483647;
			files = (
			);
			runOnlyForDeploymentPostprocessing = 0;
		};
/* End PBXFrameworksBuildPhase section */

/* Begin PBXGroup section */
		7F4C44E62DA9837900F07B25 = {
			isa = PBXGroup;
			children = (
				7F4C44F12DA9837A00F07B25 /* OPTestApp */,
				7F4C45082DA9837D00F07B25 /* OPTestAppTests */,
				7F4C45122DA9837D00F07B25 /* OPTestAppUITests */,
				7F4C44F02DA9837A00F07B25 /* Products */,
				7F4C453F2DA985BD00F07B25 /* OursPrivacy.framework */,
			);
			sourceTree = "<group>";
		};
		7F4C44F02DA9837A00F07B25 /* Products */ = {
			isa = PBXGroup;
			children = (
				7F4C44EF2DA9837A00F07B25 /* OPTestApp.app */,
				7F4C45052DA9837D00F07B25 /* OPTestAppTests.xctest */,
				7F4C450F2DA9837D00F07B25 /* OPTestAppUITests.xctest */,
			);
			name = Products;
			sourceTree = "<group>";
		};
/* End PBXGroup section */

/* Begin PBXNativeTarget section */
		7F4C44EE2DA9837A00F07B25 /* OPTestApp */ = {
			isa = PBXNativeTarget;
			buildConfigurationList = 7F4C45182DA9837D00F07B25 /* Build configuration list for PBXNativeTarget "OPTestApp" */;
			buildPhases = (
				7F4C44EB2DA9837A00F07B25 /* Sources */,
				7F4C44EC2DA9837A00F07B25 /* Frameworks */,
				7F4C44ED2DA9837A00F07B25 /* Resources */,
				7F4C45272DA984EA00F07B25 /* Embed Frameworks */,
			);
			buildRules = (
			);
			dependencies = (
			);
			fileSystemSynchronizedGroups = (
				7F4C44F12DA9837A00F07B25 /* OPTestApp */,
			);
			name = OPTestApp;
			packageProductDependencies = (
			);
			productName = OPTestApp;
			productReference = 7F4C44EF2DA9837A00F07B25 /* OPTestApp.app */;
			productType = "com.apple.product-type.application";
		};
		7F4C45042DA9837D00F07B25 /* OPTestAppTests */ = {
			isa = PBXNativeTarget;
			buildConfigurationList = 7F4C451D2DA9837D00F07B25 /* Build configuration list for PBXNativeTarget "OPTestAppTests" */;
			buildPhases = (
				7F4C45012DA9837D00F07B25 /* Sources */,
				7F4C45022DA9837D00F07B25 /* Frameworks */,
				7F4C45032DA9837D00F07B25 /* Resources */,
			);
			buildRules = (
			);
			dependencies = (
				7F4C45072DA9837D00F07B25 /* PBXTargetDependency */,
			);
			fileSystemSynchronizedGroups = (
				7F4C45082DA9837D00F07B25 /* OPTestAppTests */,
			);
			name = OPTestAppTests;
			packageProductDependencies = (
			);
			productName = OPTestAppTests;
			productReference = 7F4C45052DA9837D00F07B25 /* OPTestAppTests.xctest */;
			productType = "com.apple.product-type.bundle.unit-test";
		};
		7F4C450E2DA9837D00F07B25 /* OPTestAppUITests */ = {
			isa = PBXNativeTarget;
			buildConfigurationList = 7F4C45202DA9837D00F07B25 /* Build configuration list for PBXNativeTarget "OPTestAppUITests" */;
			buildPhases = (
				7F4C450B2DA9837D00F07B25 /* Sources */,
				7F4C450C2DA9837D00F07B25 /* Frameworks */,
				7F4C450D2DA9837D00F07B25 /* Resources */,
			);
			buildRules = (
			);
			dependencies = (
				7F4C45112DA9837D00F07B25 /* PBXTargetDependency */,
			);
			fileSystemSynchronizedGroups = (
				7F4C45122DA9837D00F07B25 /* OPTestAppUITests */,
			);
			name = OPTestAppUITests;
			packageProductDependencies = (
			);
			productName = OPTestAppUITests;
			productReference = 7F4C450F2DA9837D00F07B25 /* OPTestAppUITests.xctest */;
			productType = "com.apple.product-type.bundle.ui-testing";
		};
/* End PBXNativeTarget section */

/* Begin PBXProject section */
		7F4C44E72DA9837900F07B25 /* Project object */ = {
			isa = PBXProject;
			attributes = {
				BuildIndependentTargetsInParallel = 1;
				LastSwiftUpdateCheck = 1630;
				LastUpgradeCheck = 1630;
				TargetAttributes = {
					7F4C44EE2DA9837A00F07B25 = {
						CreatedOnToolsVersion = 16.3;
					};
					7F4C45042DA9837D00F07B25 = {
						CreatedOnToolsVersion = 16.3;
						TestTargetID = 7F4C44EE2DA9837A00F07B25;
					};
					7F4C450E2DA9837D00F07B25 = {
						CreatedOnToolsVersion = 16.3;
						TestTargetID = 7F4C44EE2DA9837A00F07B25;
					};
				};
			};
			buildConfigurationList = 7F4C44EA2DA9837900F07B25 /* Build configuration list for PBXProject "OPTestApp" */;
			developmentRegion = en;
			hasScannedForEncodings = 0;
			knownRegions = (
				en,
				Base,
			);
			mainGroup = 7F4C44E62DA9837900F07B25;
			minimizedProjectReferenceProxies = 1;
			preferredProjectObjectVersion = 77;
			productRefGroup = 7F4C44F02DA9837A00F07B25 /* Products */;
			projectDirPath = "";
			projectRoot = "";
			targets = (
				7F4C44EE2DA9837A00F07B25 /* OPTestApp */,
				7F4C45042DA9837D00F07B25 /* OPTestAppTests */,
				7F4C450E2DA9837D00F07B25 /* OPTestAppUITests */,
			);
		};
/* End PBXProject section */

/* Begin PBXResourcesBuildPhase section */
		7F4C44ED2DA9837A00F07B25 /* Resources */ = {
			isa = PBXResourcesBuildPhase;
			buildActionMask = 2147483647;
			files = (
			);
			runOnlyForDeploymentPostprocessing = 0;
		};
		7F4C45032DA9837D00F07B25 /* Resources */ = {
			isa = PBXResourcesBuildPhase;
			buildActionMask = 2147483647;
			files = (
			);
			runOnlyForDeploymentPostprocessing = 0;
		};
		7F4C450D2DA9837D00F07B25 /* Resources */ = {
			isa = PBXResourcesBuildPhase;
			buildActionMask = 2147483647;
			files = (
			);
			runOnlyForDeploymentPostprocessing = 0;
		};
/* End PBXResourcesBuildPhase section */

/* Begin PBXSourcesBuildPhase section */
		7F4C44EB2DA9837A00F07B25 /* Sources */ = {
			isa = PBXSourcesBuildPhase;
			buildActionMask = 2147483647;
			files = (
			);
			runOnlyForDeploymentPostprocessing = 0;
		};
		7F4C45012DA9837D00F07B25 /* Sources */ = {
			isa = PBXSourcesBuildPhase;
			buildActionMask = 2147483647;
			files = (
			);
			runOnlyForDeploymentPostprocessing = 0;
		};
		7F4C450B2DA9837D00F07B25 /* Sources */ = {
			isa = PBXSourcesBuildPhase;
			buildActionMask = 2147483647;
			files = (
			);
			runOnlyForDeploymentPostprocessing = 0;
		};
/* End PBXSourcesBuildPhase section */

/* Begin PBXTargetDependency section */
		7F4C45072DA9837D00F07B25 /* PBXTargetDependency */ = {
			isa = PBXTargetDependency;
			target = 7F4C44EE2DA9837A00F07B25 /* OPTestApp */;
			targetProxy = 7F4C45062DA9837D00F07B25 /* PBXContainerItemProxy */;
		};
		7F4C45112DA9837D00F07B25 /* PBXTargetDependency */ = {
			isa = PBXTargetDependency;
			target = 7F4C44EE2DA9837A00F07B25 /* OPTestApp */;
			targetProxy = 7F4C45102DA9837D00F07B25 /* PBXContainerItemProxy */;
		};
/* End PBXTargetDependency section */

/* Begin XCBuildConfiguration section */
		7F4C45192DA9837D00F07B25 /* Debug */ = {
			isa = XCBuildConfiguration;
			buildSettings = {
				ASSETCATALOG_COMPILER_APPICON_NAME = AppIcon;
				ASSETCATALOG_COMPILER_GLOBAL_ACCENT_COLOR_NAME = AccentColor;
				CODE_SIGN_STYLE = Automatic;
				CURRENT_PROJECT_VERSION = 1;
				DEVELOPMENT_TEAM = 24B4S7TWC6;
				GENERATE_INFOPLIST_FILE = YES;
				INFOPLIST_FILE = OPTestApp/Info.plist;
				INFOPLIST_KEY_LSApplicationCategoryType = "public.app-category.business";
				INFOPLIST_KEY_UIApplicationSupportsIndirectInputEvents = YES;
				INFOPLIST_KEY_UILaunchStoryboardName = LaunchScreen;
				INFOPLIST_KEY_UIMainStoryboardFile = Main;
				INFOPLIST_KEY_UISupportedInterfaceOrientations_iPad = "UIInterfaceOrientationPortrait UIInterfaceOrientationPortraitUpsideDown UIInterfaceOrientationLandscapeLeft UIInterfaceOrientationLandscapeRight";
				INFOPLIST_KEY_UISupportedInterfaceOrientations_iPhone = "UIInterfaceOrientationPortrait UIInterfaceOrientationLandscapeLeft UIInterfaceOrientationLandscapeRight";
				IPHONEOS_DEPLOYMENT_TARGET = 16.6;
				LD_RUNPATH_SEARCH_PATHS = (
					"$(inherited)",
					"@executable_path/Frameworks",
				);
				MARKETING_VERSION = 1.0;
				PRODUCT_BUNDLE_IDENTIFIER = com.oursprivacy.OPTestApp;
				PRODUCT_NAME = "$(TARGET_NAME)";
				SWIFT_EMIT_LOC_STRINGS = YES;
				SWIFT_VERSION = 5.0;
				TARGETED_DEVICE_FAMILY = "1,2";
			};
			name = Debug;
		};
		7F4C451A2DA9837D00F07B25 /* Release */ = {
			isa = XCBuildConfiguration;
			buildSettings = {
				ASSETCATALOG_COMPILER_APPICON_NAME = AppIcon;
				ASSETCATALOG_COMPILER_GLOBAL_ACCENT_COLOR_NAME = AccentColor;
				CODE_SIGN_STYLE = Automatic;
				CURRENT_PROJECT_VERSION = 1;
				DEVELOPMENT_TEAM = 24B4S7TWC6;
				GENERATE_INFOPLIST_FILE = YES;
				INFOPLIST_FILE = OPTestApp/Info.plist;
				INFOPLIST_KEY_LSApplicationCategoryType = "public.app-category.business";
				INFOPLIST_KEY_UIApplicationSupportsIndirectInputEvents = YES;
				INFOPLIST_KEY_UILaunchStoryboardName = LaunchScreen;
				INFOPLIST_KEY_UIMainStoryboardFile = Main;
				INFOPLIST_KEY_UISupportedInterfaceOrientations_iPad = "UIInterfaceOrientationPortrait UIInterfaceOrientationPortraitUpsideDown UIInterfaceOrientationLandscapeLeft UIInterfaceOrientationLandscapeRight";
				INFOPLIST_KEY_UISupportedInterfaceOrientations_iPhone = "UIInterfaceOrientationPortrait UIInterfaceOrientationLandscapeLeft UIInterfaceOrientationLandscapeRight";
				IPHONEOS_DEPLOYMENT_TARGET = 16.6;
				LD_RUNPATH_SEARCH_PATHS = (
					"$(inherited)",
					"@executable_path/Frameworks",
				);
				MARKETING_VERSION = 1.0;
				PRODUCT_BUNDLE_IDENTIFIER = com.oursprivacy.OPTestApp;
				PRODUCT_NAME = "$(TARGET_NAME)";
				SWIFT_EMIT_LOC_STRINGS = YES;
				SWIFT_VERSION = 5.0;
				TARGETED_DEVICE_FAMILY = "1,2";
			};
			name = Release;
		};
		7F4C451B2DA9837D00F07B25 /* Debug */ = {
			isa = XCBuildConfiguration;
			buildSettings = {
				ALWAYS_SEARCH_USER_PATHS = NO;
				ASSETCATALOG_COMPILER_GENERATE_SWIFT_ASSET_SYMBOL_EXTENSIONS = YES;
				CLANG_ANALYZER_NONNULL = YES;
				CLANG_ANALYZER_NUMBER_OBJECT_CONVERSION = YES_AGGRESSIVE;
				CLANG_CXX_LANGUAGE_STANDARD = "gnu++20";
				CLANG_ENABLE_MODULES = YES;
				CLANG_ENABLE_OBJC_ARC = YES;
				CLANG_ENABLE_OBJC_WEAK = YES;
				CLANG_WARN_BLOCK_CAPTURE_AUTORELEASING = YES;
				CLANG_WARN_BOOL_CONVERSION = YES;
				CLANG_WARN_COMMA = YES;
				CLANG_WARN_CONSTANT_CONVERSION = YES;
				CLANG_WARN_DEPRECATED_OBJC_IMPLEMENTATIONS = YES;
				CLANG_WARN_DIRECT_OBJC_ISA_USAGE = YES_ERROR;
				CLANG_WARN_DOCUMENTATION_COMMENTS = YES;
				CLANG_WARN_EMPTY_BODY = YES;
				CLANG_WARN_ENUM_CONVERSION = YES;
				CLANG_WARN_INFINITE_RECURSION = YES;
				CLANG_WARN_INT_CONVERSION = YES;
				CLANG_WARN_NON_LITERAL_NULL_CONVERSION = YES;
				CLANG_WARN_OBJC_IMPLICIT_RETAIN_SELF = YES;
				CLANG_WARN_OBJC_LITERAL_CONVERSION = YES;
				CLANG_WARN_OBJC_ROOT_CLASS = YES_ERROR;
				CLANG_WARN_QUOTED_INCLUDE_IN_FRAMEWORK_HEADER = YES;
				CLANG_WARN_RANGE_LOOP_ANALYSIS = YES;
				CLANG_WARN_STRICT_PROTOTYPES = YES;
				CLANG_WARN_SUSPICIOUS_MOVE = YES;
				CLANG_WARN_UNGUARDED_AVAILABILITY = YES_AGGRESSIVE;
				CLANG_WARN_UNREACHABLE_CODE = YES;
				CLANG_WARN__DUPLICATE_METHOD_MATCH = YES;
				COPY_PHASE_STRIP = NO;
				DEBUG_INFORMATION_FORMAT = dwarf;
				DEVELOPMENT_TEAM = 24B4S7TWC6;
				ENABLE_STRICT_OBJC_MSGSEND = YES;
				ENABLE_TESTABILITY = YES;
				ENABLE_USER_SCRIPT_SANDBOXING = YES;
				GCC_C_LANGUAGE_STANDARD = gnu17;
				GCC_DYNAMIC_NO_PIC = NO;
				GCC_NO_COMMON_BLOCKS = YES;
				GCC_OPTIMIZATION_LEVEL = 0;
				GCC_PREPROCESSOR_DEFINITIONS = (
					"DEBUG=1",
					"$(inherited)",
				);
				GCC_WARN_64_TO_32_BIT_CONVERSION = YES;
				GCC_WARN_ABOUT_RETURN_TYPE = YES_ERROR;
				GCC_WARN_UNDECLARED_SELECTOR = YES;
				GCC_WARN_UNINITIALIZED_AUTOS = YES_AGGRESSIVE;
				GCC_WARN_UNUSED_FUNCTION = YES;
				GCC_WARN_UNUSED_VARIABLE = YES;
				IPHONEOS_DEPLOYMENT_TARGET = 18.4;
				LOCALIZATION_PREFERS_STRING_CATALOGS = YES;
				MTL_ENABLE_DEBUG_INFO = INCLUDE_SOURCE;
				MTL_FAST_MATH = YES;
				ONLY_ACTIVE_ARCH = YES;
				SDKROOT = iphoneos;
				SWIFT_ACTIVE_COMPILATION_CONDITIONS = "DEBUG $(inherited)";
				SWIFT_OPTIMIZATION_LEVEL = "-Onone";
			};
			name = Debug;
		};
		7F4C451C2DA9837D00F07B25 /* Release */ = {
			isa = XCBuildConfiguration;
			buildSettings = {
				ALWAYS_SEARCH_USER_PATHS = NO;
				ASSETCATALOG_COMPILER_GENERATE_SWIFT_ASSET_SYMBOL_EXTENSIONS = YES;
				CLANG_ANALYZER_NONNULL = YES;
				CLANG_ANALYZER_NUMBER_OBJECT_CONVERSION = YES_AGGRESSIVE;
				CLANG_CXX_LANGUAGE_STANDARD = "gnu++20";
				CLANG_ENABLE_MODULES = YES;
				CLANG_ENABLE_OBJC_ARC = YES;
				CLANG_ENABLE_OBJC_WEAK = YES;
				CLANG_WARN_BLOCK_CAPTURE_AUTORELEASING = YES;
				CLANG_WARN_BOOL_CONVERSION = YES;
				CLANG_WARN_COMMA = YES;
				CLANG_WARN_CONSTANT_CONVERSION = YES;
				CLANG_WARN_DEPRECATED_OBJC_IMPLEMENTATIONS = YES;
				CLANG_WARN_DIRECT_OBJC_ISA_USAGE = YES_ERROR;
				CLANG_WARN_DOCUMENTATION_COMMENTS = YES;
				CLANG_WARN_EMPTY_BODY = YES;
				CLANG_WARN_ENUM_CONVERSION = YES;
				CLANG_WARN_INFINITE_RECURSION = YES;
				CLANG_WARN_INT_CONVERSION = YES;
				CLANG_WARN_NON_LITERAL_NULL_CONVERSION = YES;
				CLANG_WARN_OBJC_IMPLICIT_RETAIN_SELF = YES;
				CLANG_WARN_OBJC_LITERAL_CONVERSION = YES;
				CLANG_WARN_OBJC_ROOT_CLASS = YES_ERROR;
				CLANG_WARN_QUOTED_INCLUDE_IN_FRAMEWORK_HEADER = YES;
				CLANG_WARN_RANGE_LOOP_ANALYSIS = YES;
				CLANG_WARN_STRICT_PROTOTYPES = YES;
				CLANG_WARN_SUSPICIOUS_MOVE = YES;
				CLANG_WARN_UNGUARDED_AVAILABILITY = YES_AGGRESSIVE;
				CLANG_WARN_UNREACHABLE_CODE = YES;
				CLANG_WARN__DUPLICATE_METHOD_MATCH = YES;
				COPY_PHASE_STRIP = NO;
				DEBUG_INFORMATION_FORMAT = "dwarf-with-dsym";
				DEVELOPMENT_TEAM = 24B4S7TWC6;
				ENABLE_NS_ASSERTIONS = NO;
				ENABLE_STRICT_OBJC_MSGSEND = YES;
				ENABLE_USER_SCRIPT_SANDBOXING = YES;
				GCC_C_LANGUAGE_STANDARD = gnu17;
				GCC_NO_COMMON_BLOCKS = YES;
				GCC_WARN_64_TO_32_BIT_CONVERSION = YES;
				GCC_WARN_ABOUT_RETURN_TYPE = YES_ERROR;
				GCC_WARN_UNDECLARED_SELECTOR = YES;
				GCC_WARN_UNINITIALIZED_AUTOS = YES_AGGRESSIVE;
				GCC_WARN_UNUSED_FUNCTION = YES;
				GCC_WARN_UNUSED_VARIABLE = YES;
				IPHONEOS_DEPLOYMENT_TARGET = 18.4;
				LOCALIZATION_PREFERS_STRING_CATALOGS = YES;
				MTL_ENABLE_DEBUG_INFO = NO;
				MTL_FAST_MATH = YES;
				SDKROOT = iphoneos;
				SWIFT_COMPILATION_MODE = wholemodule;
				VALIDATE_PRODUCT = YES;
			};
			name = Release;
		};
		7F4C451E2DA9837D00F07B25 /* Debug */ = {
			isa = XCBuildConfiguration;
			buildSettings = {
				BUNDLE_LOADER = "$(TEST_HOST)";
				CODE_SIGN_STYLE = Automatic;
				CURRENT_PROJECT_VERSION = 1;
				DEVELOPMENT_TEAM = 24B4S7TWC6;
				GENERATE_INFOPLIST_FILE = YES;
				IPHONEOS_DEPLOYMENT_TARGET = 18.4;
				MARKETING_VERSION = 1.0;
				PRODUCT_BUNDLE_IDENTIFIER = com.oursprivacy.OPTestAppTests;
				PRODUCT_NAME = "$(TARGET_NAME)";
				SWIFT_EMIT_LOC_STRINGS = NO;
				SWIFT_VERSION = 5.0;
				TARGETED_DEVICE_FAMILY = "1,2";
				TEST_HOST = "$(BUILT_PRODUCTS_DIR)/OPTestApp.app/$(BUNDLE_EXECUTABLE_FOLDER_PATH)/OPTestApp";
			};
			name = Debug;
		};
		7F4C451F2DA9837D00F07B25 /* Release */ = {
			isa = XCBuildConfiguration;
			buildSettings = {
				BUNDLE_LOADER = "$(TEST_HOST)";
				CODE_SIGN_STYLE = Automatic;
				CURRENT_PROJECT_VERSION = 1;
				DEVELOPMENT_TEAM = 24B4S7TWC6;
				GENERATE_INFOPLIST_FILE = YES;
				IPHONEOS_DEPLOYMENT_TARGET = 18.4;
				MARKETING_VERSION = 1.0;
				PRODUCT_BUNDLE_IDENTIFIER = com.oursprivacy.OPTestAppTests;
				PRODUCT_NAME = "$(TARGET_NAME)";
				SWIFT_EMIT_LOC_STRINGS = NO;
				SWIFT_VERSION = 5.0;
				TARGETED_DEVICE_FAMILY = "1,2";
				TEST_HOST = "$(BUILT_PRODUCTS_DIR)/OPTestApp.app/$(BUNDLE_EXECUTABLE_FOLDER_PATH)/OPTestApp";
			};
			name = Release;
		};
		7F4C45212DA9837D00F07B25 /* Debug */ = {
			isa = XCBuildConfiguration;
			buildSettings = {
				CODE_SIGN_STYLE = Automatic;
				CURRENT_PROJECT_VERSION = 1;
				DEVELOPMENT_TEAM = 24B4S7TWC6;
				GENERATE_INFOPLIST_FILE = YES;
				MARKETING_VERSION = 1.0;
				PRODUCT_BUNDLE_IDENTIFIER = com.oursprivacy.OPTestAppUITests;
				PRODUCT_NAME = "$(TARGET_NAME)";
				SWIFT_EMIT_LOC_STRINGS = NO;
				SWIFT_VERSION = 5.0;
				TARGETED_DEVICE_FAMILY = "1,2";
				TEST_TARGET_NAME = OPTestApp;
			};
			name = Debug;
		};
		7F4C45222DA9837D00F07B25 /* Release */ = {
			isa = XCBuildConfiguration;
			buildSettings = {
				CODE_SIGN_STYLE = Automatic;
				CURRENT_PROJECT_VERSION = 1;
				DEVELOPMENT_TEAM = 24B4S7TWC6;
				GENERATE_INFOPLIST_FILE = YES;
				MARKETING_VERSION = 1.0;
				PRODUCT_BUNDLE_IDENTIFIER = com.oursprivacy.OPTestAppUITests;
				PRODUCT_NAME = "$(TARGET_NAME)";
				SWIFT_EMIT_LOC_STRINGS = NO;
				SWIFT_VERSION = 5.0;
				TARGETED_DEVICE_FAMILY = "1,2";
				TEST_TARGET_NAME = OPTestApp;
			};
			name = Release;
		};
/* End XCBuildConfiguration section */

/* Begin XCConfigurationList section */
		7F4C44EA2DA9837900F07B25 /* Build configuration list for PBXProject "OPTestApp" */ = {
			isa = XCConfigurationList;
			buildConfigurations = (
				7F4C451B2DA9837D00F07B25 /* Debug */,
				7F4C451C2DA9837D00F07B25 /* Release */,
			);
			defaultConfigurationIsVisible = 0;
			defaultConfigurationName = Release;
		};
		7F4C45182DA9837D00F07B25 /* Build configuration list for PBXNativeTarget "OPTestApp" */ = {
			isa = XCConfigurationList;
			buildConfigurations = (
				7F4C45192DA9837D00F07B25 /* Debug */,
				7F4C451A2DA9837D00F07B25 /* Release */,
			);
			defaultConfigurationIsVisible = 0;
			defaultConfigurationName = Release;
		};
		7F4C451D2DA9837D00F07B25 /* Build configuration list for PBXNativeTarget "OPTestAppTests" */ = {
			isa = XCConfigurationList;
			buildConfigurations = (
				7F4C451E2DA9837D00F07B25 /* Debug */,
				7F4C451F2DA9837D00F07B25 /* Release */,
			);
			defaultConfigurationIsVisible = 0;
			defaultConfigurationName = Release;
		};
		7F4C45202DA9837D00F07B25 /* Build configuration list for PBXNativeTarget "OPTestAppUITests" */ = {
			isa = XCConfigurationList;
			buildConfigurations = (
				7F4C45212DA9837D00F07B25 /* Debug */,
				7F4C45222DA9837D00F07B25 /* Release */,
			);
			defaultConfigurationIsVisible = 0;
			defaultConfigurationName = Release;
		};
/* End XCConfigurationList section */
	};
	rootObject = 7F4C44E72DA9837900F07B25 /* Project object */;
}
