// !$*UTF8*$!
{
	archiveVersion = 1;
	classes = {
	};
	objectVersion = 70;
	objects = {

/* Begin PBXBuildFile section */
		51DD567C1D306B740045D3DB /* OursPrivacyLogger.swift in Sources */ = {isa = PBXBuildFile; fileRef = 51DD56791D306B740045D3DB /* OursPrivacyLogger.swift */; };
		51DD56831D306B7B0045D3DB /* PrintLogging.swift in Sources */ = {isa = PBXBuildFile; fileRef = 51DD56801D306B7B0045D3DB /* PrintLogging.swift */; };
		51DD56841D306B7B0045D3DB /* FileLogging.swift in Sources */ = {isa = PBXBuildFile; fileRef = 51DD56811D306B7B0045D3DB /* FileLogging.swift */; };
		7F4C454D2DA98C4800F07B25 /* OursPrivacyiOS.docc in Sources */ = {isa = PBXBuildFile; fileRef = 7F4C454C2DA98C4800F07B25 /* OursPrivacyiOS.docc */; };
		7F4C45532DA98C4900F07B25 /* OursPrivacy.framework in Frameworks */ = {isa = PBXBuildFile; fileRef = 7F4C45482DA98C4800F07B25 /* OursPrivacy.framework */; };
		7F4C45902DA98DCA00F07B25 /* OursPrivacy.swift in Sources */ = {isa = PBXBuildFile; fileRef = 7F4C45862DA98DCA00F07B25 /* OursPrivacy.swift */; };
		7F4C45912DA98DCA00F07B25 /* OursPrivacyPersistence.swift in Sources */ = {isa = PBXBuildFile; fileRef = 7F4C45892DA98DCA00F07B25 /* OursPrivacyPersistence.swift */; };
		7F4C45922DA98DCA00F07B25 /* Flush.swift in Sources */ = {isa = PBXBuildFile; fileRef = 7F4C457F2DA98DCA00F07B25 /* Flush.swift */; };
		7F4C45952DA98DCA00F07B25 /* FileLogging.swift in Sources */ = {isa = PBXBuildFile; fileRef = 7F4C457E2DA98DCA00F07B25 /* FileLogging.swift */; };
		7F4C45962DA98DCA00F07B25 /* OursPrivacyType.swift in Sources */ = {isa = PBXBuildFile; fileRef = 7F4C458A2DA98DCA00F07B25 /* OursPrivacyType.swift */; };
		7F4C45972DA98DCA00F07B25 /* JSONHandler.swift in Sources */ = {isa = PBXBuildFile; fileRef = 7F4C45822DA98DCA00F07B25 /* JSONHandler.swift */; };
		7F4C45982DA98DCA00F07B25 /* Error.swift in Sources */ = {isa = PBXBuildFile; fileRef = 7F4C457D2DA98DCA00F07B25 /* Error.swift */; };
		7F4C45992DA98DCA00F07B25 /* OursPrivacyLogger.swift in Sources */ = {isa = PBXBuildFile; fileRef = 7F4C45882DA98DCA00F07B25 /* OursPrivacyLogger.swift */; };
		7F4C459B2DA98DCA00F07B25 /* PrintLogging.swift in Sources */ = {isa = PBXBuildFile; fileRef = 7F4C458C2DA98DCA00F07B25 /* PrintLogging.swift */; };
		7F4C459C2DA98DCA00F07B25 /* OursPrivacyInstance.swift in Sources */ = {isa = PBXBuildFile; fileRef = 7F4C45872DA98DCA00F07B25 /* OursPrivacyInstance.swift */; };
		7F4C459D2DA98DCA00F07B25 /* AutomaticEvents.swift in Sources */ = {isa = PBXBuildFile; fileRef = 7F4C457A2DA98DCA00F07B25 /* AutomaticEvents.swift */; };
		7F4C459E2DA98DCA00F07B25 /* OPDB.swift in Sources */ = {isa = PBXBuildFile; fileRef = 7F4C45852DA98DCA00F07B25 /* OPDB.swift */; };
		7F4C459F2DA98DCA00F07B25 /* Track.swift in Sources */ = {isa = PBXBuildFile; fileRef = 7F4C458F2DA98DCA00F07B25 /* Track.swift */; };
		7F4C45A02DA98DCA00F07B25 /* AutomaticProperties.swift in Sources */ = {isa = PBXBuildFile; fileRef = 7F4C457B2DA98DCA00F07B25 /* AutomaticProperties.swift */; };
		7F4C45A12DA98DCA00F07B25 /* ReadWriteLock.swift in Sources */ = {isa = PBXBuildFile; fileRef = 7F4C458D2DA98DCA00F07B25 /* ReadWriteLock.swift */; };
		7F4C45A22DA98DCA00F07B25 /* Network.swift in Sources */ = {isa = PBXBuildFile; fileRef = 7F4C45842DA98DCA00F07B25 /* Network.swift */; };
		7F4C45A32DA98DCA00F07B25 /* SessionMetadata.swift in Sources */ = {isa = PBXBuildFile; fileRef = 7F4C458E2DA98DCA00F07B25 /* SessionMetadata.swift */; };
		7F4C45A42DA98DCA00F07B25 /* Constants.swift in Sources */ = {isa = PBXBuildFile; fileRef = 7F4C457C2DA98DCA00F07B25 /* Constants.swift */; };
		7F4C45A52DA98DCA00F07B25 /* FlushRequest.swift in Sources */ = {isa = PBXBuildFile; fileRef = 7F4C45802DA98DCA00F07B25 /* FlushRequest.swift */; };
		7F4C45B32DA994FB00F07B25 /* CoreTelephony.framework in Frameworks */ = {isa = PBXBuildFile; fileRef = 7F4C45B22DA994FB00F07B25 /* CoreTelephony.framework */; };
		7F6ED5C32D95ED5D006DC58E /* PrivacyInfo.xcprivacy in Resources */ = {isa = PBXBuildFile; fileRef = 7F6ED5C22D95ED5D006DC58E /* PrivacyInfo.xcprivacy */; };
		7F6ED5C42D95ED5D006DC58E /* PrivacyInfo.xcprivacy in Resources */ = {isa = PBXBuildFile; fileRef = 7F6ED5C22D95ED5D006DC58E /* PrivacyInfo.xcprivacy */; };
		7F6ED5C52D95ED5D006DC58E /* PrivacyInfo.xcprivacy in Resources */ = {isa = PBXBuildFile; fileRef = 7F6ED5C22D95ED5D006DC58E /* PrivacyInfo.xcprivacy */; };
		7F6ED5C62D95ED5D006DC58E /* PrivacyInfo.xcprivacy in Resources */ = {isa = PBXBuildFile; fileRef = 7F6ED5C22D95ED5D006DC58E /* PrivacyInfo.xcprivacy */; };
		8625BEBB26D045CE0009BAA9 /* OPDB.swift in Sources */ = {isa = PBXBuildFile; fileRef = 8625BEBA26D045CE0009BAA9 /* OPDB.swift */; };
		8625BEBC26D045CE0009BAA9 /* OPDB.swift in Sources */ = {isa = PBXBuildFile; fileRef = 8625BEBA26D045CE0009BAA9 /* OPDB.swift */; };
		8625BEBD26D045CE0009BAA9 /* OPDB.swift in Sources */ = {isa = PBXBuildFile; fileRef = 8625BEBA26D045CE0009BAA9 /* OPDB.swift */; };
		8625BEBE26D045CE0009BAA9 /* OPDB.swift in Sources */ = {isa = PBXBuildFile; fileRef = 8625BEBA26D045CE0009BAA9 /* OPDB.swift */; };
		868550AC2699096F001FCDDC /* OursPrivacyPersistence.swift in Sources */ = {isa = PBXBuildFile; fileRef = 868550AB2699096F001FCDDC /* OursPrivacyPersistence.swift */; };
		868550AD2699096F001FCDDC /* OursPrivacyPersistence.swift in Sources */ = {isa = PBXBuildFile; fileRef = 868550AB2699096F001FCDDC /* OursPrivacyPersistence.swift */; };
		868550AE2699096F001FCDDC /* OursPrivacyPersistence.swift in Sources */ = {isa = PBXBuildFile; fileRef = 868550AB2699096F001FCDDC /* OursPrivacyPersistence.swift */; };
		868550AF2699096F001FCDDC /* OursPrivacyPersistence.swift in Sources */ = {isa = PBXBuildFile; fileRef = 868550AB2699096F001FCDDC /* OursPrivacyPersistence.swift */; };
		86F86EB7224439D300B69832 /* OursPrivacy.swift in Sources */ = {isa = PBXBuildFile; fileRef = E115948A1CFF1538007F8B4F /* OursPrivacy.swift */; };
		86F86EB8224439D300B69832 /* OursPrivacyInstance.swift in Sources */ = {isa = PBXBuildFile; fileRef = E115948D1D000709007F8B4F /* OursPrivacyInstance.swift */; };
		86F86EB9224439DC00B69832 /* AutomaticProperties.swift in Sources */ = {isa = PBXBuildFile; fileRef = E1D335CF1D3059A800E68E12 /* AutomaticProperties.swift */; };
		86F86EBA224439E300B69832 /* OursPrivacyLogger.swift in Sources */ = {isa = PBXBuildFile; fileRef = 51DD56791D306B740045D3DB /* OursPrivacyLogger.swift */; };
		86F86EBB224439EB00B69832 /* FlushRequest.swift in Sources */ = {isa = PBXBuildFile; fileRef = E1D335CB1D303A0D00E68E12 /* FlushRequest.swift */; };
		86F86EBC224439F100B69832 /* PrintLogging.swift in Sources */ = {isa = PBXBuildFile; fileRef = 51DD56801D306B7B0045D3DB /* PrintLogging.swift */; };
		86F86EBD224439F500B69832 /* Flush.swift in Sources */ = {isa = PBXBuildFile; fileRef = E115949E1D01BE14007F8B4F /* Flush.swift */; };
		86F86EBE224439FA00B69832 /* Network.swift in Sources */ = {isa = PBXBuildFile; fileRef = E11594961D006022007F8B4F /* Network.swift */; };
		86F86EC022443A0800B69832 /* OursPrivacyType.swift in Sources */ = {isa = PBXBuildFile; fileRef = E165228E1D6781DF000D5949 /* OursPrivacyType.swift */; };
		86F86EC122443A0E00B69832 /* JSONHandler.swift in Sources */ = {isa = PBXBuildFile; fileRef = E11594981D01689F007F8B4F /* JSONHandler.swift */; };
		86F86EC222443A1300B69832 /* Track.swift in Sources */ = {isa = PBXBuildFile; fileRef = E11594A01D01C597007F8B4F /* Track.swift */; };
		86F86EC422443A2300B69832 /* ReadWriteLock.swift in Sources */ = {isa = PBXBuildFile; fileRef = BB9614161F3BB87700C3EF3E /* ReadWriteLock.swift */; };
		86F86EC622443A3100B69832 /* Error.swift in Sources */ = {isa = PBXBuildFile; fileRef = E1982BFE1D0AC2E2006B7330 /* Error.swift */; };
		86F86EC722443A3C00B69832 /* FileLogging.swift in Sources */ = {isa = PBXBuildFile; fileRef = 51DD56811D306B7B0045D3DB /* FileLogging.swift */; };
		86F86EC922443A4700B69832 /* Constants.swift in Sources */ = {isa = PBXBuildFile; fileRef = E1D335CD1D30578E00E68E12 /* Constants.swift */; };
		86F86ECA22443A4C00B69832 /* SessionMetadata.swift in Sources */ = {isa = PBXBuildFile; fileRef = E190522C1F9FC1BC00900E5D /* SessionMetadata.swift */; };
		86F86F3622497F1200B69832 /* AutomaticEvents.swift in Sources */ = {isa = PBXBuildFile; fileRef = E151FA371E70DFB5002EF53D /* AutomaticEvents.swift */; };
		86F86F3722497F2900B69832 /* AutomaticEvents.swift in Sources */ = {isa = PBXBuildFile; fileRef = E151FA371E70DFB5002EF53D /* AutomaticEvents.swift */; };
		BB9614171F3BB87700C3EF3E /* ReadWriteLock.swift in Sources */ = {isa = PBXBuildFile; fileRef = BB9614161F3BB87700C3EF3E /* ReadWriteLock.swift */; };
		E10D118D1EC0F30900195CCD /* AutomaticEvents.swift in Sources */ = {isa = PBXBuildFile; fileRef = E151FA371E70DFB5002EF53D /* AutomaticEvents.swift */; };
		E115948B1CFF1538007F8B4F /* OursPrivacy.swift in Sources */ = {isa = PBXBuildFile; fileRef = E115948A1CFF1538007F8B4F /* OursPrivacy.swift */; };
		E115948E1D000709007F8B4F /* OursPrivacyInstance.swift in Sources */ = {isa = PBXBuildFile; fileRef = E115948D1D000709007F8B4F /* OursPrivacyInstance.swift */; };
		E11594971D006022007F8B4F /* Network.swift in Sources */ = {isa = PBXBuildFile; fileRef = E11594961D006022007F8B4F /* Network.swift */; };
		E11594991D01689F007F8B4F /* JSONHandler.swift in Sources */ = {isa = PBXBuildFile; fileRef = E11594981D01689F007F8B4F /* JSONHandler.swift */; };
		E115949F1D01BE14007F8B4F /* Flush.swift in Sources */ = {isa = PBXBuildFile; fileRef = E115949E1D01BE14007F8B4F /* Flush.swift */; };
		E11594A11D01C597007F8B4F /* Track.swift in Sources */ = {isa = PBXBuildFile; fileRef = E11594A01D01C597007F8B4F /* Track.swift */; };
		E12782BB1D4AB5CB0025FB05 /* PrintLogging.swift in Sources */ = {isa = PBXBuildFile; fileRef = 51DD56801D306B7B0045D3DB /* PrintLogging.swift */; };
		E12782BC1D4AB5CB0025FB05 /* FileLogging.swift in Sources */ = {isa = PBXBuildFile; fileRef = 51DD56811D306B7B0045D3DB /* FileLogging.swift */; };
		E12782BD1D4AB5CB0025FB05 /* OursPrivacyLogger.swift in Sources */ = {isa = PBXBuildFile; fileRef = 51DD56791D306B740045D3DB /* OursPrivacyLogger.swift */; };
		E12782BE1D4AB5CB0025FB05 /* OursPrivacy.swift in Sources */ = {isa = PBXBuildFile; fileRef = E115948A1CFF1538007F8B4F /* OursPrivacy.swift */; };
		E12782BF1D4AB5CB0025FB05 /* OursPrivacyInstance.swift in Sources */ = {isa = PBXBuildFile; fileRef = E115948D1D000709007F8B4F /* OursPrivacyInstance.swift */; };
		E12782C11D4AB5CB0025FB05 /* Network.swift in Sources */ = {isa = PBXBuildFile; fileRef = E11594961D006022007F8B4F /* Network.swift */; };
		E12782C21D4AB5CB0025FB05 /* JSONHandler.swift in Sources */ = {isa = PBXBuildFile; fileRef = E11594981D01689F007F8B4F /* JSONHandler.swift */; };
		E12782C31D4AB5CB0025FB05 /* Flush.swift in Sources */ = {isa = PBXBuildFile; fileRef = E115949E1D01BE14007F8B4F /* Flush.swift */; };
		E12782C41D4AB5CB0025FB05 /* FlushRequest.swift in Sources */ = {isa = PBXBuildFile; fileRef = E1D335CB1D303A0D00E68E12 /* FlushRequest.swift */; };
		E12782C51D4AB5CB0025FB05 /* Track.swift in Sources */ = {isa = PBXBuildFile; fileRef = E11594A01D01C597007F8B4F /* Track.swift */; };
		E12782C71D4AB5CB0025FB05 /* Error.swift in Sources */ = {isa = PBXBuildFile; fileRef = E1982BFE1D0AC2E2006B7330 /* Error.swift */; };
		E12782C81D4AB5CB0025FB05 /* Constants.swift in Sources */ = {isa = PBXBuildFile; fileRef = E1D335CD1D30578E00E68E12 /* Constants.swift */; };
		E12782C91D4AB5CB0025FB05 /* AutomaticProperties.swift in Sources */ = {isa = PBXBuildFile; fileRef = E1D335CF1D3059A800E68E12 /* AutomaticProperties.swift */; };
		E151FA381E70DFB5002EF53D /* AutomaticEvents.swift in Sources */ = {isa = PBXBuildFile; fileRef = E151FA371E70DFB5002EF53D /* AutomaticEvents.swift */; };
		E15FF7C61D02C9E10076CDE3 /* CoreTelephony.framework in Frameworks */ = {isa = PBXBuildFile; fileRef = E15FF7C51D02C9E10076CDE3 /* CoreTelephony.framework */; };
		E165228F1D6781DF000D5949 /* OursPrivacyType.swift in Sources */ = {isa = PBXBuildFile; fileRef = E165228E1D6781DF000D5949 /* OursPrivacyType.swift */; };
		E16522901D67D421000D5949 /* OursPrivacyType.swift in Sources */ = {isa = PBXBuildFile; fileRef = E165228E1D6781DF000D5949 /* OursPrivacyType.swift */; };
		E19052001F9548F000900E5D /* ReadWriteLock.swift in Sources */ = {isa = PBXBuildFile; fileRef = BB9614161F3BB87700C3EF3E /* ReadWriteLock.swift */; };
		E19052011F9548F000900E5D /* ReadWriteLock.swift in Sources */ = {isa = PBXBuildFile; fileRef = BB9614161F3BB87700C3EF3E /* ReadWriteLock.swift */; };
		E190522D1F9FC1BC00900E5D /* SessionMetadata.swift in Sources */ = {isa = PBXBuildFile; fileRef = E190522C1F9FC1BC00900E5D /* SessionMetadata.swift */; };
		E1982BFF1D0AC2E2006B7330 /* Error.swift in Sources */ = {isa = PBXBuildFile; fileRef = E1982BFE1D0AC2E2006B7330 /* Error.swift */; };
		E1D335CC1D303A0D00E68E12 /* FlushRequest.swift in Sources */ = {isa = PBXBuildFile; fileRef = E1D335CB1D303A0D00E68E12 /* FlushRequest.swift */; };
		E1D335CE1D30578E00E68E12 /* Constants.swift in Sources */ = {isa = PBXBuildFile; fileRef = E1D335CD1D30578E00E68E12 /* Constants.swift */; };
		E1D335D01D3059A800E68E12 /* AutomaticProperties.swift in Sources */ = {isa = PBXBuildFile; fileRef = E1D335CF1D3059A800E68E12 /* AutomaticProperties.swift */; };
		E1ECD00B1FA001AD002104E8 /* SessionMetadata.swift in Sources */ = {isa = PBXBuildFile; fileRef = E190522C1F9FC1BC00900E5D /* SessionMetadata.swift */; };
		E1ECD00C1FA001AD002104E8 /* SessionMetadata.swift in Sources */ = {isa = PBXBuildFile; fileRef = E190522C1F9FC1BC00900E5D /* SessionMetadata.swift */; };
		E1F15FD51E64B5F800391AE3 /* Network.swift in Sources */ = {isa = PBXBuildFile; fileRef = E11594961D006022007F8B4F /* Network.swift */; };
		E1F15FD61E64B5FC00391AE3 /* FlushRequest.swift in Sources */ = {isa = PBXBuildFile; fileRef = E1D335CB1D303A0D00E68E12 /* FlushRequest.swift */; };
		E1F15FD71E64B60200391AE3 /* PrintLogging.swift in Sources */ = {isa = PBXBuildFile; fileRef = 51DD56801D306B7B0045D3DB /* PrintLogging.swift */; };
		E1F15FD81E64B60200391AE3 /* FileLogging.swift in Sources */ = {isa = PBXBuildFile; fileRef = 51DD56811D306B7B0045D3DB /* FileLogging.swift */; };
		E1F15FD91E64B60600391AE3 /* OursPrivacyLogger.swift in Sources */ = {isa = PBXBuildFile; fileRef = 51DD56791D306B740045D3DB /* OursPrivacyLogger.swift */; };
		E1F15FDA1E64B60A00391AE3 /* JSONHandler.swift in Sources */ = {isa = PBXBuildFile; fileRef = E11594981D01689F007F8B4F /* JSONHandler.swift */; };
		E1F15FDB1E64B60A00391AE3 /* Error.swift in Sources */ = {isa = PBXBuildFile; fileRef = E1982BFE1D0AC2E2006B7330 /* Error.swift */; };
		E1F15FDC1E64B60A00391AE3 /* AutomaticProperties.swift in Sources */ = {isa = PBXBuildFile; fileRef = E1D335CF1D3059A800E68E12 /* AutomaticProperties.swift */; };
		E1F15FDD1E64B60A00391AE3 /* Constants.swift in Sources */ = {isa = PBXBuildFile; fileRef = E1D335CD1D30578E00E68E12 /* Constants.swift */; };
		E1F15FDE1E64B60A00391AE3 /* OursPrivacyType.swift in Sources */ = {isa = PBXBuildFile; fileRef = E165228E1D6781DF000D5949 /* OursPrivacyType.swift */; };
		E1F15FDF1E64B60D00391AE3 /* OursPrivacy.swift in Sources */ = {isa = PBXBuildFile; fileRef = E115948A1CFF1538007F8B4F /* OursPrivacy.swift */; };
		E1F15FE01E64B60D00391AE3 /* OursPrivacyInstance.swift in Sources */ = {isa = PBXBuildFile; fileRef = E115948D1D000709007F8B4F /* OursPrivacyInstance.swift */; };
		E1F15FE21E64B60D00391AE3 /* Flush.swift in Sources */ = {isa = PBXBuildFile; fileRef = E115949E1D01BE14007F8B4F /* Flush.swift */; };
		E1F15FE31E64B60D00391AE3 /* Track.swift in Sources */ = {isa = PBXBuildFile; fileRef = E11594A01D01C597007F8B4F /* Track.swift */; };
/* End PBXBuildFile section */

/* Begin PBXContainerItemProxy section */
		7F4C45542DA98C4900F07B25 /* PBXContainerItemProxy */ = {
			isa = PBXContainerItemProxy;
			containerPortal = E11594741CFF1491007F8B4F /* Project object */;
			proxyType = 1;
			remoteGlobalIDString = 7F4C45472DA98C4800F07B25;
			remoteInfo = OursPrivacyiOS;
		};
/* End PBXContainerItemProxy section */

/* Begin PBXFileReference section */
		51DD56791D306B740045D3DB /* OursPrivacyLogger.swift */ = {isa = PBXFileReference; fileEncoding = 4; lastKnownFileType = sourcecode.swift; path = OursPrivacyLogger.swift; sourceTree = "<group>"; };
		51DD56801D306B7B0045D3DB /* PrintLogging.swift */ = {isa = PBXFileReference; fileEncoding = 4; lastKnownFileType = sourcecode.swift; path = PrintLogging.swift; sourceTree = "<group>"; };
		51DD56811D306B7B0045D3DB /* FileLogging.swift */ = {isa = PBXFileReference; fileEncoding = 4; lastKnownFileType = sourcecode.swift; path = FileLogging.swift; sourceTree = "<group>"; };
		7F4C45482DA98C4800F07B25 /* OursPrivacy.framework */ = {isa = PBXFileReference; explicitFileType = wrapper.framework; includeInIndex = 0; path = OursPrivacy.framework; sourceTree = BUILT_PRODUCTS_DIR; };
		7F4C454C2DA98C4800F07B25 /* OursPrivacyiOS.docc */ = {isa = PBXFileReference; lastKnownFileType = folder.documentationcatalog; path = OursPrivacyiOS.docc; sourceTree = "<group>"; };
		7F4C45522DA98C4900F07B25 /* OursPrivacyTests.xctest */ = {isa = PBXFileReference; explicitFileType = wrapper.cfbundle; includeInIndex = 0; path = OursPrivacyTests.xctest; sourceTree = BUILT_PRODUCTS_DIR; };
		7F4C457A2DA98DCA00F07B25 /* AutomaticEvents.swift */ = {isa = PBXFileReference; lastKnownFileType = sourcecode.swift; path = AutomaticEvents.swift; sourceTree = "<group>"; };
		7F4C457B2DA98DCA00F07B25 /* AutomaticProperties.swift */ = {isa = PBXFileReference; lastKnownFileType = sourcecode.swift; path = AutomaticProperties.swift; sourceTree = "<group>"; };
		7F4C457C2DA98DCA00F07B25 /* Constants.swift */ = {isa = PBXFileReference; lastKnownFileType = sourcecode.swift; path = Constants.swift; sourceTree = "<group>"; };
		7F4C457D2DA98DCA00F07B25 /* Error.swift */ = {isa = PBXFileReference; lastKnownFileType = sourcecode.swift; path = Error.swift; sourceTree = "<group>"; };
		7F4C457E2DA98DCA00F07B25 /* FileLogging.swift */ = {isa = PBXFileReference; lastKnownFileType = sourcecode.swift; path = FileLogging.swift; sourceTree = "<group>"; };
		7F4C457F2DA98DCA00F07B25 /* Flush.swift */ = {isa = PBXFileReference; lastKnownFileType = sourcecode.swift; path = Flush.swift; sourceTree = "<group>"; };
		7F4C45802DA98DCA00F07B25 /* FlushRequest.swift */ = {isa = PBXFileReference; lastKnownFileType = sourcecode.swift; path = FlushRequest.swift; sourceTree = "<group>"; };
		7F4C45822DA98DCA00F07B25 /* JSONHandler.swift */ = {isa = PBXFileReference; lastKnownFileType = sourcecode.swift; path = JSONHandler.swift; sourceTree = "<group>"; };
		7F4C45842DA98DCA00F07B25 /* Network.swift */ = {isa = PBXFileReference; lastKnownFileType = sourcecode.swift; path = Network.swift; sourceTree = "<group>"; };
		7F4C45852DA98DCA00F07B25 /* OPDB.swift */ = {isa = PBXFileReference; lastKnownFileType = sourcecode.swift; path = OPDB.swift; sourceTree = "<group>"; };
		7F4C45862DA98DCA00F07B25 /* OursPrivacy.swift */ = {isa = PBXFileReference; lastKnownFileType = sourcecode.swift; path = OursPrivacy.swift; sourceTree = "<group>"; };
		7F4C45872DA98DCA00F07B25 /* OursPrivacyInstance.swift */ = {isa = PBXFileReference; lastKnownFileType = sourcecode.swift; path = OursPrivacyInstance.swift; sourceTree = "<group>"; };
		7F4C45882DA98DCA00F07B25 /* OursPrivacyLogger.swift */ = {isa = PBXFileReference; lastKnownFileType = sourcecode.swift; path = OursPrivacyLogger.swift; sourceTree = "<group>"; };
		7F4C45892DA98DCA00F07B25 /* OursPrivacyPersistence.swift */ = {isa = PBXFileReference; lastKnownFileType = sourcecode.swift; path = OursPrivacyPersistence.swift; sourceTree = "<group>"; };
		7F4C458A2DA98DCA00F07B25 /* OursPrivacyType.swift */ = {isa = PBXFileReference; lastKnownFileType = sourcecode.swift; path = OursPrivacyType.swift; sourceTree = "<group>"; };
		7F4C458C2DA98DCA00F07B25 /* PrintLogging.swift */ = {isa = PBXFileReference; lastKnownFileType = sourcecode.swift; path = PrintLogging.swift; sourceTree = "<group>"; };
		7F4C458D2DA98DCA00F07B25 /* ReadWriteLock.swift */ = {isa = PBXFileReference; lastKnownFileType = sourcecode.swift; path = ReadWriteLock.swift; sourceTree = "<group>"; };
		7F4C458E2DA98DCA00F07B25 /* SessionMetadata.swift */ = {isa = PBXFileReference; lastKnownFileType = sourcecode.swift; path = SessionMetadata.swift; sourceTree = "<group>"; };
		7F4C458F2DA98DCA00F07B25 /* Track.swift */ = {isa = PBXFileReference; lastKnownFileType = sourcecode.swift; path = Track.swift; sourceTree = "<group>"; };
		7F4C45B22DA994FB00F07B25 /* CoreTelephony.framework */ = {isa = PBXFileReference; lastKnownFileType = wrapper.framework; name = CoreTelephony.framework; path = Platforms/MacOSX.platform/Developer/SDKs/MacOSX15.4.sdk/System/Library/Frameworks/CoreTelephony.framework; sourceTree = DEVELOPER_DIR; };
		7F6ED5C22D95ED5D006DC58E /* PrivacyInfo.xcprivacy */ = {isa = PBXFileReference; lastKnownFileType = text.xml; path = PrivacyInfo.xcprivacy; sourceTree = "<group>"; };
		8625BEBA26D045CE0009BAA9 /* OPDB.swift */ = {isa = PBXFileReference; fileEncoding = 4; lastKnownFileType = sourcecode.swift; path = OPDB.swift; sourceTree = "<group>"; };
		868550AB2699096F001FCDDC /* OursPrivacyPersistence.swift */ = {isa = PBXFileReference; lastKnownFileType = sourcecode.swift; path = OursPrivacyPersistence.swift; sourceTree = "<group>"; };
		86F86E81224404BD00B69832 /* OursPrivacy.framework */ = {isa = PBXFileReference; explicitFileType = wrapper.framework; includeInIndex = 0; path = OursPrivacy.framework; sourceTree = BUILT_PRODUCTS_DIR; };
		BB9614161F3BB87700C3EF3E /* ReadWriteLock.swift */ = {isa = PBXFileReference; fileEncoding = 4; lastKnownFileType = sourcecode.swift; path = ReadWriteLock.swift; sourceTree = "<group>"; };
		E115947D1CFF1491007F8B4F /* OursPrivacyOld.framework */ = {isa = PBXFileReference; explicitFileType = wrapper.framework; includeInIndex = 0; path = OursPrivacyOld.framework; sourceTree = BUILT_PRODUCTS_DIR; };
		E11594821CFF1491007F8B4F /* Info.plist */ = {isa = PBXFileReference; lastKnownFileType = text.plist.xml; name = Info.plist; path = ../Info.plist; sourceTree = "<group>"; };
		E115948A1CFF1538007F8B4F /* OursPrivacy.swift */ = {isa = PBXFileReference; fileEncoding = 4; lastKnownFileType = sourcecode.swift; path = OursPrivacy.swift; sourceTree = "<group>"; };
		E115948D1D000709007F8B4F /* OursPrivacyInstance.swift */ = {isa = PBXFileReference; fileEncoding = 4; lastKnownFileType = sourcecode.swift; path = OursPrivacyInstance.swift; sourceTree = "<group>"; };
		E11594961D006022007F8B4F /* Network.swift */ = {isa = PBXFileReference; fileEncoding = 4; lastKnownFileType = sourcecode.swift; path = Network.swift; sourceTree = "<group>"; };
		E11594981D01689F007F8B4F /* JSONHandler.swift */ = {isa = PBXFileReference; fileEncoding = 4; lastKnownFileType = sourcecode.swift; path = JSONHandler.swift; sourceTree = "<group>"; };
		E115949E1D01BE14007F8B4F /* Flush.swift */ = {isa = PBXFileReference; fileEncoding = 4; lastKnownFileType = sourcecode.swift; path = Flush.swift; sourceTree = "<group>"; };
		E11594A01D01C597007F8B4F /* Track.swift */ = {isa = PBXFileReference; fileEncoding = 4; lastKnownFileType = sourcecode.swift; path = Track.swift; sourceTree = "<group>"; };
		E12782B31D4AB4B30025FB05 /* OursPrivacy.framework */ = {isa = PBXFileReference; explicitFileType = wrapper.framework; includeInIndex = 0; path = OursPrivacy.framework; sourceTree = BUILT_PRODUCTS_DIR; };
		E151FA371E70DFB5002EF53D /* AutomaticEvents.swift */ = {isa = PBXFileReference; fileEncoding = 4; lastKnownFileType = sourcecode.swift; path = AutomaticEvents.swift; sourceTree = "<group>"; };
		E15FF7C51D02C9E10076CDE3 /* CoreTelephony.framework */ = {isa = PBXFileReference; lastKnownFileType = wrapper.framework; name = CoreTelephony.framework; path = System/Library/Frameworks/CoreTelephony.framework; sourceTree = SDKROOT; };
		E165228E1D6781DF000D5949 /* OursPrivacyType.swift */ = {isa = PBXFileReference; fileEncoding = 4; lastKnownFileType = sourcecode.swift; path = OursPrivacyType.swift; sourceTree = "<group>"; };
		E190522C1F9FC1BC00900E5D /* SessionMetadata.swift */ = {isa = PBXFileReference; lastKnownFileType = sourcecode.swift; path = SessionMetadata.swift; sourceTree = "<group>"; };
		E1982BFE1D0AC2E2006B7330 /* Error.swift */ = {isa = PBXFileReference; fileEncoding = 4; lastKnownFileType = sourcecode.swift; path = Error.swift; sourceTree = "<group>"; };
		E1D335CB1D303A0D00E68E12 /* FlushRequest.swift */ = {isa = PBXFileReference; fileEncoding = 4; lastKnownFileType = sourcecode.swift; path = FlushRequest.swift; sourceTree = "<group>"; };
		E1D335CD1D30578E00E68E12 /* Constants.swift */ = {isa = PBXFileReference; fileEncoding = 4; lastKnownFileType = sourcecode.swift; path = Constants.swift; sourceTree = "<group>"; };
		E1D335CF1D3059A800E68E12 /* AutomaticProperties.swift */ = {isa = PBXFileReference; fileEncoding = 4; lastKnownFileType = sourcecode.swift; path = AutomaticProperties.swift; sourceTree = "<group>"; };
		E1F15FC91E64A10700391AE3 /* OursPrivacy.framework */ = {isa = PBXFileReference; explicitFileType = wrapper.framework; includeInIndex = 0; path = OursPrivacy.framework; sourceTree = BUILT_PRODUCTS_DIR; };
/* End PBXFileReference section */

/* Begin PBXFileSystemSynchronizedRootGroup section */
		7F4C45562DA98C4900F07B25 /* OursPrivacyiOSTests */ = {isa = PBXFileSystemSynchronizedRootGroup; explicitFileTypes = {}; explicitFolders = (); path = OursPrivacyiOSTests; sourceTree = "<group>"; };
		7F4C45AC2DA9901100F07B25 /* OursPrivacyResources */ = {isa = PBXFileSystemSynchronizedRootGroup; explicitFileTypes = {}; explicitFolders = (); path = OursPrivacyResources; sourceTree = "<group>"; };
/* End PBXFileSystemSynchronizedRootGroup section */

/* Begin PBXFrameworksBuildPhase section */
		7F4C45452DA98C4800F07B25 /* Frameworks */ = {
			isa = PBXFrameworksBuildPhase;
			buildActionMask = 2147483647;
			files = (
				7F4C45B32DA994FB00F07B25 /* CoreTelephony.framework in Frameworks */,
			);
			runOnlyForDeploymentPostprocessing = 0;
		};
		7F4C454F2DA98C4900F07B25 /* Frameworks */ = {
			isa = PBXFrameworksBuildPhase;
			buildActionMask = 2147483647;
			files = (
				7F4C45532DA98C4900F07B25 /* OursPrivacy.framework in Frameworks */,
			);
			runOnlyForDeploymentPostprocessing = 0;
		};
		86F86E7E224404BD00B69832 /* Frameworks */ = {
			isa = PBXFrameworksBuildPhase;
			buildActionMask = 2147483647;
			files = (
			);
			runOnlyForDeploymentPostprocessing = 0;
		};
		E11594791CFF1491007F8B4F /* Frameworks */ = {
			isa = PBXFrameworksBuildPhase;
			buildActionMask = 2147483647;
			files = (
				E15FF7C61D02C9E10076CDE3 /* CoreTelephony.framework in Frameworks */,
			);
			runOnlyForDeploymentPostprocessing = 0;
		};
		E12782AF1D4AB4B30025FB05 /* Frameworks */ = {
			isa = PBXFrameworksBuildPhase;
			buildActionMask = 2147483647;
			files = (
			);
			runOnlyForDeploymentPostprocessing = 0;
		};
		E1F15FC51E64A10700391AE3 /* Frameworks */ = {
			isa = PBXFrameworksBuildPhase;
			buildActionMask = 2147483647;
			files = (
			);
			runOnlyForDeploymentPostprocessing = 0;
		};
/* End PBXFrameworksBuildPhase section */

/* Begin PBXGroup section */
		17C654792BB1EF6700C8A126 /* OursPrivacy */ = {
			isa = PBXGroup;
			children = (
				7F6ED5C22D95ED5D006DC58E /* PrivacyInfo.xcprivacy */,
			);
			path = OursPrivacy;
			sourceTree = "<group>";
		};
		51DD56771D306B620045D3DB /* Log */ = {
			isa = PBXGroup;
			children = (
				51DD56781D306B6B0045D3DB /* Logging */,
				51DD56791D306B740045D3DB /* OursPrivacyLogger.swift */,
			);
			name = Log;
			sourceTree = "<group>";
		};
		51DD56781D306B6B0045D3DB /* Logging */ = {
			isa = PBXGroup;
			children = (
				51DD56801D306B7B0045D3DB /* PrintLogging.swift */,
				51DD56811D306B7B0045D3DB /* FileLogging.swift */,
			);
			name = Logging;
			sourceTree = "<group>";
		};
		7F4C45AA2DA98FEA00F07B25 /* OursPrivacy */ = {
			isa = PBXGroup;
			children = (
				7F4C45B02DA990E000F07B25 /* Utilities */,
				7F4C45AE2DA9905000F07B25 /* Logging */,
				7F4C45AF2DA9906F00F07B25 /* Networking */,
				7F4C45862DA98DCA00F07B25 /* OursPrivacy.swift */,
				7F4C45872DA98DCA00F07B25 /* OursPrivacyInstance.swift */,
				7F4C457F2DA98DCA00F07B25 /* Flush.swift */,
				7F4C458F2DA98DCA00F07B25 /* Track.swift */,
				7F4C45AC2DA9901100F07B25 /* OursPrivacyResources */,
				7F4C454C2DA98C4800F07B25 /* OursPrivacyiOS.docc */,
			);
			path = OursPrivacy;
			sourceTree = "<group>";
		};
		7F4C45AE2DA9905000F07B25 /* Logging */ = {
			isa = PBXGroup;
			children = (
				7F4C457E2DA98DCA00F07B25 /* FileLogging.swift */,
				7F4C45882DA98DCA00F07B25 /* OursPrivacyLogger.swift */,
				7F4C458C2DA98DCA00F07B25 /* PrintLogging.swift */,
			);
			path = Logging;
			sourceTree = "<group>";
		};
		7F4C45AF2DA9906F00F07B25 /* Networking */ = {
			isa = PBXGroup;
			children = (
				7F4C45802DA98DCA00F07B25 /* FlushRequest.swift */,
				7F4C45842DA98DCA00F07B25 /* Network.swift */,
			);
			path = Networking;
			sourceTree = "<group>";
		};
		7F4C45B02DA990E000F07B25 /* Utilities */ = {
			isa = PBXGroup;
			children = (
				7F4C457A2DA98DCA00F07B25 /* AutomaticEvents.swift */,
				7F4C457B2DA98DCA00F07B25 /* AutomaticProperties.swift */,
				7F4C457C2DA98DCA00F07B25 /* Constants.swift */,
				7F4C457D2DA98DCA00F07B25 /* Error.swift */,
				7F4C45852DA98DCA00F07B25 /* OPDB.swift */,
				7F4C45892DA98DCA00F07B25 /* OursPrivacyPersistence.swift */,
				7F4C458A2DA98DCA00F07B25 /* OursPrivacyType.swift */,
				7F4C458D2DA98DCA00F07B25 /* ReadWriteLock.swift */,
				7F4C458E2DA98DCA00F07B25 /* SessionMetadata.swift */,
				7F4C45822DA98DCA00F07B25 /* JSONHandler.swift */,
			);
			path = Utilities;
			sourceTree = "<group>";
		};
		7F4C45B12DA994FB00F07B25 /* Frameworks */ = {
			isa = PBXGroup;
			children = (
				7F4C45B22DA994FB00F07B25 /* CoreTelephony.framework */,
			);
			name = Frameworks;
			sourceTree = "<group>";
		};
		E11594731CFF1491007F8B4F = {
			isa = PBXGroup;
			children = (
				E115947F1CFF1491007F8B4F /* OursPrivacyOld */,
				7F4C45AA2DA98FEA00F07B25 /* OursPrivacy */,
				7F4C45562DA98C4900F07B25 /* OursPrivacyiOSTests */,
				7F4C45B12DA994FB00F07B25 /* Frameworks */,
				E115947E1CFF1491007F8B4F /* Products */,
			);
			sourceTree = "<group>";
		};
		E115947E1CFF1491007F8B4F /* Products */ = {
			isa = PBXGroup;
			children = (
				E115947D1CFF1491007F8B4F /* OursPrivacyOld.framework */,
				E12782B31D4AB4B30025FB05 /* OursPrivacy.framework */,
				E1F15FC91E64A10700391AE3 /* OursPrivacy.framework */,
				86F86E81224404BD00B69832 /* OursPrivacy.framework */,
				7F4C45482DA98C4800F07B25 /* OursPrivacy.framework */,
				7F4C45522DA98C4900F07B25 /* OursPrivacyTests.xctest */,
			);
			name = Products;
			sourceTree = "<group>";
		};
		E115947F1CFF1491007F8B4F /* OursPrivacyOld */ = {
			isa = PBXGroup;
			children = (
				E11594881CFF14D3007F8B4F /* Source */,
				E11594891CFF14DF007F8B4F /* Supporting Files */,
				E15FF8021D0461F60076CDE3 /* Frameworks */,
			);
			path = OursPrivacyOld;
			sourceTree = "<group>";
		};
		E11594881CFF14D3007F8B4F /* Source */ = {
			isa = PBXGroup;
			children = (
				17C654792BB1EF6700C8A126 /* OursPrivacy */,
				E189D8FB1D5A6943007F3F29 /* Networking */,
				51DD56771D306B620045D3DB /* Log */,
				E189D8FA1D5A692A007F3F29 /* Utilities */,
				E115948A1CFF1538007F8B4F /* OursPrivacy.swift */,
				E115948D1D000709007F8B4F /* OursPrivacyInstance.swift */,
				E115949E1D01BE14007F8B4F /* Flush.swift */,
				E11594A01D01C597007F8B4F /* Track.swift */,
			);
			name = Source;
			sourceTree = "<group>";
		};
		E11594891CFF14DF007F8B4F /* Supporting Files */ = {
			isa = PBXGroup;
			children = (
				E11594821CFF1491007F8B4F /* Info.plist */,
			);
			name = "Supporting Files";
			sourceTree = "<group>";
		};
		E15FF8021D0461F60076CDE3 /* Frameworks */ = {
			isa = PBXGroup;
			children = (
				E15FF7C51D02C9E10076CDE3 /* CoreTelephony.framework */,
			);
			name = Frameworks;
			sourceTree = "<group>";
		};
		E189D8FA1D5A692A007F3F29 /* Utilities */ = {
			isa = PBXGroup;
			children = (
				E11594981D01689F007F8B4F /* JSONHandler.swift */,
				E1982BFE1D0AC2E2006B7330 /* Error.swift */,
				E1D335CF1D3059A800E68E12 /* AutomaticProperties.swift */,
				E151FA371E70DFB5002EF53D /* AutomaticEvents.swift */,
				E1D335CD1D30578E00E68E12 /* Constants.swift */,
				E165228E1D6781DF000D5949 /* OursPrivacyType.swift */,
				8625BEBA26D045CE0009BAA9 /* OPDB.swift */,
				BB9614161F3BB87700C3EF3E /* ReadWriteLock.swift */,
				E190522C1F9FC1BC00900E5D /* SessionMetadata.swift */,
				868550AB2699096F001FCDDC /* OursPrivacyPersistence.swift */,
			);
			name = Utilities;
			sourceTree = "<group>";
		};
		E189D8FB1D5A6943007F3F29 /* Networking */ = {
			isa = PBXGroup;
			children = (
				E11594961D006022007F8B4F /* Network.swift */,
				E1D335CB1D303A0D00E68E12 /* FlushRequest.swift */,
			);
			name = Networking;
			sourceTree = "<group>";
		};
/* End PBXGroup section */

/* Begin PBXHeadersBuildPhase section */
		86F86E7C224404BD00B69832 /* Headers */ = {
			isa = PBXHeadersBuildPhase;
			buildActionMask = 2147483647;
			files = (
			);
			runOnlyForDeploymentPostprocessing = 0;
		};
		E115947A1CFF1491007F8B4F /* Headers */ = {
			isa = PBXHeadersBuildPhase;
			buildActionMask = 2147483647;
			files = (
			);
			runOnlyForDeploymentPostprocessing = 0;
		};
		E12782B01D4AB4B30025FB05 /* Headers */ = {
			isa = PBXHeadersBuildPhase;
			buildActionMask = 2147483647;
			files = (
			);
			runOnlyForDeploymentPostprocessing = 0;
		};
		E1F15FC61E64A10700391AE3 /* Headers */ = {
			isa = PBXHeadersBuildPhase;
			buildActionMask = 2147483647;
			files = (
			);
			runOnlyForDeploymentPostprocessing = 0;
		};
/* End PBXHeadersBuildPhase section */

/* Begin PBXNativeTarget section */
		7F4C45472DA98C4800F07B25 /* OursPrivacy */ = {
			isa = PBXNativeTarget;
			buildConfigurationList = 7F4C45592DA98C4900F07B25 /* Build configuration list for PBXNativeTarget "OursPrivacy" */;
			buildPhases = (
				7F4C45442DA98C4800F07B25 /* Sources */,
				7F4C45452DA98C4800F07B25 /* Frameworks */,
				7F4C45462DA98C4800F07B25 /* Resources */,
			);
			buildRules = (
			);
			dependencies = (
			);
			fileSystemSynchronizedGroups = (
				7F4C45AC2DA9901100F07B25 /* OursPrivacyResources */,
			);
			name = OursPrivacy;
			packageProductDependencies = (
			);
			productName = OursPrivacyiOS;
			productReference = 7F4C45482DA98C4800F07B25 /* OursPrivacy.framework */;
			productType = "com.apple.product-type.framework";
		};
		7F4C45512DA98C4900F07B25 /* OursPrivacyTests */ = {
			isa = PBXNativeTarget;
			buildConfigurationList = 7F4C455C2DA98C4900F07B25 /* Build configuration list for PBXNativeTarget "OursPrivacyTests" */;
			buildPhases = (
				7F4C454E2DA98C4900F07B25 /* Sources */,
				7F4C454F2DA98C4900F07B25 /* Frameworks */,
				7F4C45502DA98C4900F07B25 /* Resources */,
			);
			buildRules = (
			);
			dependencies = (
				7F4C45552DA98C4900F07B25 /* PBXTargetDependency */,
			);
			fileSystemSynchronizedGroups = (
				7F4C45562DA98C4900F07B25 /* OursPrivacyiOSTests */,
			);
			name = OursPrivacyTests;
			packageProductDependencies = (
			);
			productName = OursPrivacyiOSTests;
			productReference = 7F4C45522DA98C4900F07B25 /* OursPrivacyTests.xctest */;
			productType = "com.apple.product-type.bundle.unit-test";
		};
		86F86E80224404BD00B69832 /* OursPrivacy_watchOS */ = {
			isa = PBXNativeTarget;
			buildConfigurationList = 86F86E88224404BD00B69832 /* Build configuration list for PBXNativeTarget "OursPrivacy_watchOS" */;
			buildPhases = (
				86F86E7C224404BD00B69832 /* Headers */,
				86F86E7D224404BD00B69832 /* Sources */,
				86F86E7E224404BD00B69832 /* Frameworks */,
				86F86E7F224404BD00B69832 /* Resources */,
			);
			buildRules = (
			);
			dependencies = (
			);
			name = OursPrivacy_watchOS;
			productName = Mixpanel_watchOS;
			productReference = 86F86E81224404BD00B69832 /* OursPrivacy.framework */;
			productType = "com.apple.product-type.framework";
		};
		E115947C1CFF1491007F8B4F /* OursPrivacyOld */ = {
			isa = PBXNativeTarget;
			buildConfigurationList = E11594851CFF1491007F8B4F /* Build configuration list for PBXNativeTarget "OursPrivacyOld" */;
			buildPhases = (
				E11594781CFF1491007F8B4F /* Sources */,
				E11594791CFF1491007F8B4F /* Frameworks */,
				E115947A1CFF1491007F8B4F /* Headers */,
				E115947B1CFF1491007F8B4F /* Resources */,
			);
			buildRules = (
			);
			dependencies = (
			);
			name = OursPrivacyOld;
			productName = Mixpanel;
			productReference = E115947D1CFF1491007F8B4F /* OursPrivacyOld.framework */;
			productType = "com.apple.product-type.framework";
		};
		E12782B21D4AB4B30025FB05 /* OursPrivacy_tvOS */ = {
			isa = PBXNativeTarget;
			buildConfigurationList = E12782BA1D4AB4B30025FB05 /* Build configuration list for PBXNativeTarget "OursPrivacy_tvOS" */;
			buildPhases = (
				E12782AE1D4AB4B30025FB05 /* Sources */,
				E12782AF1D4AB4B30025FB05 /* Frameworks */,
				E12782B01D4AB4B30025FB05 /* Headers */,
				E12782B11D4AB4B30025FB05 /* Resources */,
			);
			buildRules = (
			);
			dependencies = (
			);
			name = OursPrivacy_tvOS;
			productName = Mixpanel_tvOS;
			productReference = E12782B31D4AB4B30025FB05 /* OursPrivacy.framework */;
			productType = "com.apple.product-type.framework";
		};
		E1F15FC81E64A10700391AE3 /* OursPrivacy_macOS */ = {
			isa = PBXNativeTarget;
			buildConfigurationList = E1F15FD01E64A10800391AE3 /* Build configuration list for PBXNativeTarget "OursPrivacy_macOS" */;
			buildPhases = (
				E1F15FC41E64A10700391AE3 /* Sources */,
				E1F15FC51E64A10700391AE3 /* Frameworks */,
				E1F15FC61E64A10700391AE3 /* Headers */,
				E1F15FC71E64A10700391AE3 /* Resources */,
			);
			buildRules = (
			);
			dependencies = (
			);
			name = OursPrivacy_macOS;
			productName = Mixpanel_OSX;
			productReference = E1F15FC91E64A10700391AE3 /* OursPrivacy.framework */;
			productType = "com.apple.product-type.framework";
		};
/* End PBXNativeTarget section */

/* Begin PBXProject section */
		E11594741CFF1491007F8B4F /* Project object */ = {
			isa = PBXProject;
			attributes = {
				BuildIndependentTargetsInParallel = YES;
				LastSwiftUpdateCheck = 1630;
				LastUpgradeCheck = 1630;
				ORGANIZATIONNAME = Mixpanel;
				TargetAttributes = {
					7F4C45472DA98C4800F07B25 = {
						CreatedOnToolsVersion = 16.3;
					};
					7F4C45512DA98C4900F07B25 = {
						CreatedOnToolsVersion = 16.3;
					};
					86F86E80224404BD00B69832 = {
						CreatedOnToolsVersion = 10.1;
						ProvisioningStyle = Manual;
					};
					E115947C1CFF1491007F8B4F = {
						CreatedOnToolsVersion = 7.3.1;
						DevelopmentTeam = 24B4S7TWC6;
						DevelopmentTeamName = "Mixpanel, Inc.";
						LastSwiftMigration = 0900;
						ProvisioningStyle = Automatic;
					};
					E12782B21D4AB4B30025FB05 = {
						CreatedOnToolsVersion = 8.0;
						DevelopmentTeam = AUY9XL9M5E;
						DevelopmentTeamName = "Mixpanel, Inc.";
						ProvisioningStyle = Automatic;
					};
					E1F15FC81E64A10700391AE3 = {
						CreatedOnToolsVersion = 8.2.1;
						LastSwiftMigration = 0900;
						ProvisioningStyle = Manual;
					};
				};
			};
			buildConfigurationList = E11594771CFF1491007F8B4F /* Build configuration list for PBXProject "OursPrivacy" */;
			compatibilityVersion = "Xcode 3.2";
			developmentRegion = en;
			hasScannedForEncodings = 0;
			knownRegions = (
				en,
				Base,
			);
			mainGroup = E11594731CFF1491007F8B4F;
			productRefGroup = E115947E1CFF1491007F8B4F /* Products */;
			projectDirPath = "";
			projectRoot = "";
			targets = (
				E115947C1CFF1491007F8B4F /* OursPrivacyOld */,
				E12782B21D4AB4B30025FB05 /* OursPrivacy_tvOS */,
				E1F15FC81E64A10700391AE3 /* OursPrivacy_macOS */,
				86F86E80224404BD00B69832 /* OursPrivacy_watchOS */,
				7F4C45472DA98C4800F07B25 /* OursPrivacy */,
				7F4C45512DA98C4900F07B25 /* OursPrivacyTests */,
			);
		};
/* End PBXProject section */

/* Begin PBXResourcesBuildPhase section */
		7F4C45462DA98C4800F07B25 /* Resources */ = {
			isa = PBXResourcesBuildPhase;
			buildActionMask = 2147483647;
			files = (
			);
			runOnlyForDeploymentPostprocessing = 0;
		};
		7F4C45502DA98C4900F07B25 /* Resources */ = {
			isa = PBXResourcesBuildPhase;
			buildActionMask = 2147483647;
			files = (
			);
			runOnlyForDeploymentPostprocessing = 0;
		};
		86F86E7F224404BD00B69832 /* Resources */ = {
			isa = PBXResourcesBuildPhase;
			buildActionMask = 2147483647;
			files = (
				7F6ED5C42D95ED5D006DC58E /* PrivacyInfo.xcprivacy in Resources */,
			);
			runOnlyForDeploymentPostprocessing = 0;
		};
		E115947B1CFF1491007F8B4F /* Resources */ = {
			isa = PBXResourcesBuildPhase;
			buildActionMask = 2147483647;
			files = (
				7F6ED5C52D95ED5D006DC58E /* PrivacyInfo.xcprivacy in Resources */,
			);
			runOnlyForDeploymentPostprocessing = 0;
		};
		E12782B11D4AB4B30025FB05 /* Resources */ = {
			isa = PBXResourcesBuildPhase;
			buildActionMask = 2147483647;
			files = (
				7F6ED5C62D95ED5D006DC58E /* PrivacyInfo.xcprivacy in Resources */,
			);
			runOnlyForDeploymentPostprocessing = 0;
		};
		E1F15FC71E64A10700391AE3 /* Resources */ = {
			isa = PBXResourcesBuildPhase;
			buildActionMask = 2147483647;
			files = (
				7F6ED5C32D95ED5D006DC58E /* PrivacyInfo.xcprivacy in Resources */,
			);
			runOnlyForDeploymentPostprocessing = 0;
		};
/* End PBXResourcesBuildPhase section */

/* Begin PBXSourcesBuildPhase section */
		7F4C45442DA98C4800F07B25 /* Sources */ = {
			isa = PBXSourcesBuildPhase;
			buildActionMask = 2147483647;
			files = (
				7F4C45902DA98DCA00F07B25 /* OursPrivacy.swift in Sources */,
				7F4C45912DA98DCA00F07B25 /* OursPrivacyPersistence.swift in Sources */,
				7F4C45922DA98DCA00F07B25 /* Flush.swift in Sources */,
				7F4C45952DA98DCA00F07B25 /* FileLogging.swift in Sources */,
				7F4C45962DA98DCA00F07B25 /* OursPrivacyType.swift in Sources */,
				7F4C45972DA98DCA00F07B25 /* JSONHandler.swift in Sources */,
				7F4C45982DA98DCA00F07B25 /* Error.swift in Sources */,
				7F4C45992DA98DCA00F07B25 /* OursPrivacyLogger.swift in Sources */,
				7F4C459B2DA98DCA00F07B25 /* PrintLogging.swift in Sources */,
				7F4C459C2DA98DCA00F07B25 /* OursPrivacyInstance.swift in Sources */,
				7F4C459D2DA98DCA00F07B25 /* AutomaticEvents.swift in Sources */,
				7F4C459E2DA98DCA00F07B25 /* OPDB.swift in Sources */,
				7F4C459F2DA98DCA00F07B25 /* Track.swift in Sources */,
				7F4C45A02DA98DCA00F07B25 /* AutomaticProperties.swift in Sources */,
				7F4C45A12DA98DCA00F07B25 /* ReadWriteLock.swift in Sources */,
				7F4C45A22DA98DCA00F07B25 /* Network.swift in Sources */,
				7F4C45A32DA98DCA00F07B25 /* SessionMetadata.swift in Sources */,
				7F4C45A42DA98DCA00F07B25 /* Constants.swift in Sources */,
				7F4C45A52DA98DCA00F07B25 /* FlushRequest.swift in Sources */,
				7F4C454D2DA98C4800F07B25 /* OursPrivacyiOS.docc in Sources */,
			);
			runOnlyForDeploymentPostprocessing = 0;
		};
		7F4C454E2DA98C4900F07B25 /* Sources */ = {
			isa = PBXSourcesBuildPhase;
			buildActionMask = 2147483647;
			files = (
			);
			runOnlyForDeploymentPostprocessing = 0;
		};
		86F86E7D224404BD00B69832 /* Sources */ = {
			isa = PBXSourcesBuildPhase;
			buildActionMask = 2147483647;
			files = (
				86F86ECA22443A4C00B69832 /* SessionMetadata.swift in Sources */,
				86F86EC922443A4700B69832 /* Constants.swift in Sources */,
				86F86EC722443A3C00B69832 /* FileLogging.swift in Sources */,
				86F86EC622443A3100B69832 /* Error.swift in Sources */,
				86F86EC422443A2300B69832 /* ReadWriteLock.swift in Sources */,
				8625BEBE26D045CE0009BAA9 /* OPDB.swift in Sources */,
				86F86EC222443A1300B69832 /* Track.swift in Sources */,
				86F86EC122443A0E00B69832 /* JSONHandler.swift in Sources */,
				86F86EC022443A0800B69832 /* OursPrivacyType.swift in Sources */,
				86F86EBE224439FA00B69832 /* Network.swift in Sources */,
				86F86EBD224439F500B69832 /* Flush.swift in Sources */,
				86F86EBC224439F100B69832 /* PrintLogging.swift in Sources */,
				868550AF2699096F001FCDDC /* OursPrivacyPersistence.swift in Sources */,
				86F86EBB224439EB00B69832 /* FlushRequest.swift in Sources */,
				86F86EBA224439E300B69832 /* OursPrivacyLogger.swift in Sources */,
				86F86EB9224439DC00B69832 /* AutomaticProperties.swift in Sources */,
				86F86F3722497F2900B69832 /* AutomaticEvents.swift in Sources */,
				86F86EB7224439D300B69832 /* OursPrivacy.swift in Sources */,
				86F86EB8224439D300B69832 /* OursPrivacyInstance.swift in Sources */,
			);
			runOnlyForDeploymentPostprocessing = 0;
		};
		E11594781CFF1491007F8B4F /* Sources */ = {
			isa = PBXSourcesBuildPhase;
			buildActionMask = 2147483647;
			files = (
				51DD56831D306B7B0045D3DB /* PrintLogging.swift in Sources */,
				E115948E1D000709007F8B4F /* OursPrivacyInstance.swift in Sources */,
				E151FA381E70DFB5002EF53D /* AutomaticEvents.swift in Sources */,
				E1D335CE1D30578E00E68E12 /* Constants.swift in Sources */,
				E115949F1D01BE14007F8B4F /* Flush.swift in Sources */,
				E11594971D006022007F8B4F /* Network.swift in Sources */,
				E11594A11D01C597007F8B4F /* Track.swift in Sources */,
				E11594991D01689F007F8B4F /* JSONHandler.swift in Sources */,
				E1D335D01D3059A800E68E12 /* AutomaticProperties.swift in Sources */,
				51DD567C1D306B740045D3DB /* OursPrivacyLogger.swift in Sources */,
				E165228F1D6781DF000D5949 /* OursPrivacyType.swift in Sources */,
				BB9614171F3BB87700C3EF3E /* ReadWriteLock.swift in Sources */,
				E190522D1F9FC1BC00900E5D /* SessionMetadata.swift in Sources */,
				8625BEBB26D045CE0009BAA9 /* OPDB.swift in Sources */,
				868550AC2699096F001FCDDC /* OursPrivacyPersistence.swift in Sources */,
				E1982BFF1D0AC2E2006B7330 /* Error.swift in Sources */,
				51DD56841D306B7B0045D3DB /* FileLogging.swift in Sources */,
				E1D335CC1D303A0D00E68E12 /* FlushRequest.swift in Sources */,
				E115948B1CFF1538007F8B4F /* OursPrivacy.swift in Sources */,
			);
			runOnlyForDeploymentPostprocessing = 0;
		};
		E12782AE1D4AB4B30025FB05 /* Sources */ = {
			isa = PBXSourcesBuildPhase;
			buildActionMask = 2147483647;
			files = (
				E12782BB1D4AB5CB0025FB05 /* PrintLogging.swift in Sources */,
				E12782BC1D4AB5CB0025FB05 /* FileLogging.swift in Sources */,
				E12782BD1D4AB5CB0025FB05 /* OursPrivacyLogger.swift in Sources */,
				E12782BE1D4AB5CB0025FB05 /* OursPrivacy.swift in Sources */,
				E12782BF1D4AB5CB0025FB05 /* OursPrivacyInstance.swift in Sources */,
				E12782C11D4AB5CB0025FB05 /* Network.swift in Sources */,
				8625BEBC26D045CE0009BAA9 /* OPDB.swift in Sources */,
				E12782C21D4AB5CB0025FB05 /* JSONHandler.swift in Sources */,
				E12782C31D4AB5CB0025FB05 /* Flush.swift in Sources */,
				E12782C41D4AB5CB0025FB05 /* FlushRequest.swift in Sources */,
				E12782C51D4AB5CB0025FB05 /* Track.swift in Sources */,
				E19052001F9548F000900E5D /* ReadWriteLock.swift in Sources */,
				868550AD2699096F001FCDDC /* OursPrivacyPersistence.swift in Sources */,
				E12782C71D4AB5CB0025FB05 /* Error.swift in Sources */,
				E16522901D67D421000D5949 /* OursPrivacyType.swift in Sources */,
				E12782C81D4AB5CB0025FB05 /* Constants.swift in Sources */,
				E10D118D1EC0F30900195CCD /* AutomaticEvents.swift in Sources */,
				E12782C91D4AB5CB0025FB05 /* AutomaticProperties.swift in Sources */,
				E1ECD00B1FA001AD002104E8 /* SessionMetadata.swift in Sources */,
			);
			runOnlyForDeploymentPostprocessing = 0;
		};
		E1F15FC41E64A10700391AE3 /* Sources */ = {
			isa = PBXSourcesBuildPhase;
			buildActionMask = 2147483647;
			files = (
				E1F15FE01E64B60D00391AE3 /* OursPrivacyInstance.swift in Sources */,
				E1F15FDF1E64B60D00391AE3 /* OursPrivacy.swift in Sources */,
				E1F15FDC1E64B60A00391AE3 /* AutomaticProperties.swift in Sources */,
				E1F15FD91E64B60600391AE3 /* OursPrivacyLogger.swift in Sources */,
				E1F15FD61E64B5FC00391AE3 /* FlushRequest.swift in Sources */,
				E1F15FD71E64B60200391AE3 /* PrintLogging.swift in Sources */,
				8625BEBD26D045CE0009BAA9 /* OPDB.swift in Sources */,
				E1F15FE21E64B60D00391AE3 /* Flush.swift in Sources */,
				E1F15FD51E64B5F800391AE3 /* Network.swift in Sources */,
				E1F15FDE1E64B60A00391AE3 /* OursPrivacyType.swift in Sources */,
				E1F15FDA1E64B60A00391AE3 /* JSONHandler.swift in Sources */,
				E1F15FE31E64B60D00391AE3 /* Track.swift in Sources */,
				E19052011F9548F000900E5D /* ReadWriteLock.swift in Sources */,
				868550AE2699096F001FCDDC /* OursPrivacyPersistence.swift in Sources */,
				E1F15FDB1E64B60A00391AE3 /* Error.swift in Sources */,
				E1F15FD81E64B60200391AE3 /* FileLogging.swift in Sources */,
				86F86F3622497F1200B69832 /* AutomaticEvents.swift in Sources */,
				E1F15FDD1E64B60A00391AE3 /* Constants.swift in Sources */,
				E1ECD00C1FA001AD002104E8 /* SessionMetadata.swift in Sources */,
			);
			runOnlyForDeploymentPostprocessing = 0;
		};
/* End PBXSourcesBuildPhase section */

/* Begin PBXTargetDependency section */
		7F4C45552DA98C4900F07B25 /* PBXTargetDependency */ = {
			isa = PBXTargetDependency;
			target = 7F4C45472DA98C4800F07B25 /* OursPrivacy */;
			targetProxy = 7F4C45542DA98C4900F07B25 /* PBXContainerItemProxy */;
		};
/* End PBXTargetDependency section */

/* Begin XCBuildConfiguration section */
		7F4C455A2DA98C4900F07B25 /* Debug */ = {
			isa = XCBuildConfiguration;
			buildSettings = {
				ASSETCATALOG_COMPILER_GENERATE_SWIFT_ASSET_SYMBOL_EXTENSIONS = YES;
				BUILD_LIBRARY_FOR_DISTRIBUTION = YES;
				CLANG_ANALYZER_NUMBER_OBJECT_CONVERSION = YES_AGGRESSIVE;
				CLANG_CXX_LANGUAGE_STANDARD = "gnu++20";
				CLANG_ENABLE_OBJC_WEAK = YES;
				CLANG_WARN_DOCUMENTATION_COMMENTS = YES;
				CLANG_WARN_UNGUARDED_AVAILABILITY = YES_AGGRESSIVE;
				CODE_SIGN_STYLE = Automatic;
				CURRENT_PROJECT_VERSION = 1;
				DEFINES_MODULE = YES;
				DEVELOPMENT_TEAM = 24B4S7TWC6;
				DYLIB_COMPATIBILITY_VERSION = 1;
				DYLIB_CURRENT_VERSION = 1;
				DYLIB_INSTALL_NAME_BASE = "@rpath";
				ENABLE_MODULE_VERIFIER = YES;
				GCC_C_LANGUAGE_STANDARD = gnu17;
				GENERATE_INFOPLIST_FILE = YES;
				INFOPLIST_KEY_NSHumanReadableCopyright = "Copyright © 2025 Ours Wellness Inc. All rights reserved.";
				INSTALL_PATH = "$(LOCAL_LIBRARY_DIR)/Frameworks";
				IPHONEOS_DEPLOYMENT_TARGET = 16.6;
				LD_RUNPATH_SEARCH_PATHS = (
					"$(inherited)",
					"@executable_path/Frameworks",
					"@loader_path/Frameworks",
				);
				LOCALIZATION_PREFERS_STRING_CATALOGS = YES;
				MACH_O_TYPE = staticlib;
				MARKETING_VERSION = 1.0;
				MODULE_VERIFIER_SUPPORTED_LANGUAGES = "objective-c objective-c++";
				MODULE_VERIFIER_SUPPORTED_LANGUAGE_STANDARDS = "gnu17 gnu++20";
				MTL_ENABLE_DEBUG_INFO = INCLUDE_SOURCE;
				MTL_FAST_MATH = YES;
				PRODUCT_BUNDLE_IDENTIFIER = com.oursprivacy.OursPrivacyiOS;
				PRODUCT_NAME = "$(TARGET_NAME:c99extidentifier)";
				SKIP_INSTALL = NO;
				SWIFT_ACTIVE_COMPILATION_CONDITIONS = "DEBUG $(inherited)";
				SWIFT_EMIT_LOC_STRINGS = YES;
				SWIFT_INSTALL_MODULE = YES;
				SWIFT_INSTALL_OBJC_HEADER = NO;
				SWIFT_VERSION = 5.0;
				TARGETED_DEVICE_FAMILY = "1,2";
			};
			name = Debug;
		};
		7F4C455B2DA98C4900F07B25 /* Release */ = {
			isa = XCBuildConfiguration;
			buildSettings = {
				ASSETCATALOG_COMPILER_GENERATE_SWIFT_ASSET_SYMBOL_EXTENSIONS = YES;
				BUILD_LIBRARY_FOR_DISTRIBUTION = YES;
				CLANG_ANALYZER_NUMBER_OBJECT_CONVERSION = YES_AGGRESSIVE;
				CLANG_CXX_LANGUAGE_STANDARD = "gnu++20";
				CLANG_ENABLE_OBJC_WEAK = YES;
				CLANG_WARN_DOCUMENTATION_COMMENTS = YES;
				CLANG_WARN_UNGUARDED_AVAILABILITY = YES_AGGRESSIVE;
				CODE_SIGN_STYLE = Automatic;
				CURRENT_PROJECT_VERSION = 1;
				DEFINES_MODULE = YES;
				DEVELOPMENT_TEAM = 24B4S7TWC6;
				DYLIB_COMPATIBILITY_VERSION = 1;
				DYLIB_CURRENT_VERSION = 1;
				DYLIB_INSTALL_NAME_BASE = "@rpath";
				ENABLE_MODULE_VERIFIER = YES;
				GCC_C_LANGUAGE_STANDARD = gnu17;
				GENERATE_INFOPLIST_FILE = YES;
				INFOPLIST_KEY_NSHumanReadableCopyright = "Copyright © 2025 Ours Wellness Inc. All rights reserved.";
				INSTALL_PATH = "$(LOCAL_LIBRARY_DIR)/Frameworks";
				IPHONEOS_DEPLOYMENT_TARGET = 16.6;
				LD_RUNPATH_SEARCH_PATHS = (
					"$(inherited)",
					"@executable_path/Frameworks",
					"@loader_path/Frameworks",
				);
				LOCALIZATION_PREFERS_STRING_CATALOGS = YES;
				MACH_O_TYPE = staticlib;
				MARKETING_VERSION = 1.0;
				MODULE_VERIFIER_SUPPORTED_LANGUAGES = "objective-c objective-c++";
				MODULE_VERIFIER_SUPPORTED_LANGUAGE_STANDARDS = "gnu17 gnu++20";
				MTL_FAST_MATH = YES;
				PRODUCT_BUNDLE_IDENTIFIER = com.oursprivacy.OursPrivacyiOS;
				PRODUCT_NAME = "$(TARGET_NAME:c99extidentifier)";
				SKIP_INSTALL = NO;
				SWIFT_COMPILATION_MODE = wholemodule;
				SWIFT_EMIT_LOC_STRINGS = YES;
				SWIFT_INSTALL_MODULE = YES;
				SWIFT_INSTALL_OBJC_HEADER = NO;
				SWIFT_VERSION = 5.0;
				TARGETED_DEVICE_FAMILY = "1,2";
			};
			name = Release;
		};
		7F4C455D2DA98C4900F07B25 /* Debug */ = {
			isa = XCBuildConfiguration;
			buildSettings = {
				ASSETCATALOG_COMPILER_GENERATE_SWIFT_ASSET_SYMBOL_EXTENSIONS = YES;
				CLANG_ANALYZER_NUMBER_OBJECT_CONVERSION = YES_AGGRESSIVE;
				CLANG_CXX_LANGUAGE_STANDARD = "gnu++20";
				CLANG_ENABLE_OBJC_WEAK = YES;
				CLANG_WARN_DOCUMENTATION_COMMENTS = YES;
				CLANG_WARN_UNGUARDED_AVAILABILITY = YES_AGGRESSIVE;
				CODE_SIGN_STYLE = Automatic;
				CURRENT_PROJECT_VERSION = 1;
				DEVELOPMENT_TEAM = 24B4S7TWC6;
				GCC_C_LANGUAGE_STANDARD = gnu17;
				GENERATE_INFOPLIST_FILE = YES;
				IPHONEOS_DEPLOYMENT_TARGET = 18.4;
				LOCALIZATION_PREFERS_STRING_CATALOGS = YES;
				MARKETING_VERSION = 1.0;
				MTL_ENABLE_DEBUG_INFO = INCLUDE_SOURCE;
				MTL_FAST_MATH = YES;
				PRODUCT_BUNDLE_IDENTIFIER = com.oursprivacy.OursPrivacyiOSTests;
				PRODUCT_NAME = "$(TARGET_NAME)";
				SWIFT_ACTIVE_COMPILATION_CONDITIONS = "DEBUG $(inherited)";
				SWIFT_EMIT_LOC_STRINGS = NO;
				SWIFT_VERSION = 5.0;
				TARGETED_DEVICE_FAMILY = "1,2";
			};
			name = Debug;
		};
		7F4C455E2DA98C4900F07B25 /* Release */ = {
			isa = XCBuildConfiguration;
			buildSettings = {
				ASSETCATALOG_COMPILER_GENERATE_SWIFT_ASSET_SYMBOL_EXTENSIONS = YES;
				CLANG_ANALYZER_NUMBER_OBJECT_CONVERSION = YES_AGGRESSIVE;
				CLANG_CXX_LANGUAGE_STANDARD = "gnu++20";
				CLANG_ENABLE_OBJC_WEAK = YES;
				CLANG_WARN_DOCUMENTATION_COMMENTS = YES;
				CLANG_WARN_UNGUARDED_AVAILABILITY = YES_AGGRESSIVE;
				CODE_SIGN_STYLE = Automatic;
				CURRENT_PROJECT_VERSION = 1;
				DEVELOPMENT_TEAM = 24B4S7TWC6;
				GCC_C_LANGUAGE_STANDARD = gnu17;
				GENERATE_INFOPLIST_FILE = YES;
				IPHONEOS_DEPLOYMENT_TARGET = 18.4;
				LOCALIZATION_PREFERS_STRING_CATALOGS = YES;
				MARKETING_VERSION = 1.0;
				MTL_FAST_MATH = YES;
				PRODUCT_BUNDLE_IDENTIFIER = com.oursprivacy.OursPrivacyiOSTests;
				PRODUCT_NAME = "$(TARGET_NAME)";
				SWIFT_COMPILATION_MODE = wholemodule;
				SWIFT_EMIT_LOC_STRINGS = NO;
				SWIFT_VERSION = 5.0;
				TARGETED_DEVICE_FAMILY = "1,2";
			};
			name = Release;
		};
		86F86E86224404BD00B69832 /* Debug */ = {
			isa = XCBuildConfiguration;
			buildSettings = {
				APPLICATION_EXTENSION_API_ONLY = YES;
				CLANG_ANALYZER_NUMBER_OBJECT_CONVERSION = YES_AGGRESSIVE;
				CLANG_CXX_LANGUAGE_STANDARD = "gnu++14";
				CLANG_ENABLE_OBJC_WEAK = YES;
				CLANG_WARN_DOCUMENTATION_COMMENTS = YES;
				CLANG_WARN_UNGUARDED_AVAILABILITY = YES_AGGRESSIVE;
				CODE_SIGN_IDENTITY = "";
				CODE_SIGN_STYLE = Manual;
				DEFINES_MODULE = YES;
				DEVELOPMENT_TEAM = "";
				DYLIB_COMPATIBILITY_VERSION = 1;
				DYLIB_CURRENT_VERSION = 1;
				DYLIB_INSTALL_NAME_BASE = "@rpath";
				ENABLE_MODULE_VERIFIER = YES;
				GCC_C_LANGUAGE_STANDARD = gnu11;
				INFOPLIST_FILE = Info.plist;
				INSTALL_PATH = "$(LOCAL_LIBRARY_DIR)/Frameworks";
				LD_RUNPATH_SEARCH_PATHS = (
					"$(inherited)",
					"@executable_path/Frameworks",
					"@loader_path/Frameworks",
				);
				MODULE_VERIFIER_SUPPORTED_LANGUAGE_STANDARDS = "gnu11 gnu++14";
				MTL_ENABLE_DEBUG_INFO = INCLUDE_SOURCE;
				MTL_FAST_MATH = YES;
				NEW_SETTING = "";
				PRODUCT_BUNDLE_IDENTIFIER = com.oursprivacy.OursPrivacy;
				PRODUCT_NAME = OursPrivacy;
				PROVISIONING_PROFILE_SPECIFIER = "";
				SDKROOT = watchos;
				SKIP_INSTALL = YES;
				SWIFT_ACTIVE_COMPILATION_CONDITIONS = DEBUG;
				SWIFT_VERSION = 5.0;
				TARGETED_DEVICE_FAMILY = 4;
				WATCHOS_DEPLOYMENT_TARGET = 4.0;
			};
			name = Debug;
		};
		86F86E87224404BD00B69832 /* Release */ = {
			isa = XCBuildConfiguration;
			buildSettings = {
				APPLICATION_EXTENSION_API_ONLY = YES;
				CLANG_ANALYZER_NUMBER_OBJECT_CONVERSION = YES_AGGRESSIVE;
				CLANG_CXX_LANGUAGE_STANDARD = "gnu++14";
				CLANG_ENABLE_OBJC_WEAK = YES;
				CLANG_WARN_DOCUMENTATION_COMMENTS = YES;
				CLANG_WARN_UNGUARDED_AVAILABILITY = YES_AGGRESSIVE;
				CODE_SIGN_IDENTITY = "";
				CODE_SIGN_STYLE = Manual;
				DEFINES_MODULE = YES;
				DEVELOPMENT_TEAM = "";
				DYLIB_COMPATIBILITY_VERSION = 1;
				DYLIB_CURRENT_VERSION = 1;
				DYLIB_INSTALL_NAME_BASE = "@rpath";
				ENABLE_MODULE_VERIFIER = YES;
				GCC_C_LANGUAGE_STANDARD = gnu11;
				INFOPLIST_FILE = Info.plist;
				INSTALL_PATH = "$(LOCAL_LIBRARY_DIR)/Frameworks";
				LD_RUNPATH_SEARCH_PATHS = (
					"$(inherited)",
					"@executable_path/Frameworks",
					"@loader_path/Frameworks",
				);
				MODULE_VERIFIER_SUPPORTED_LANGUAGE_STANDARDS = "gnu11 gnu++14";
				MTL_FAST_MATH = YES;
				NEW_SETTING = "";
				PRODUCT_BUNDLE_IDENTIFIER = com.oursprivacy.OursPrivacy;
				PRODUCT_NAME = OursPrivacy;
				PROVISIONING_PROFILE_SPECIFIER = "";
				SDKROOT = watchos;
				SKIP_INSTALL = YES;
				SWIFT_ACTIVE_COMPILATION_CONDITIONS = "";
				SWIFT_COMPILATION_MODE = wholemodule;
				SWIFT_OPTIMIZATION_LEVEL = "-O";
				SWIFT_VERSION = 5.0;
				TARGETED_DEVICE_FAMILY = 4;
				WATCHOS_DEPLOYMENT_TARGET = 4.0;
			};
			name = Release;
		};
		E11594831CFF1491007F8B4F /* Debug */ = {
			isa = XCBuildConfiguration;
			buildSettings = {
				ALWAYS_SEARCH_USER_PATHS = NO;
				CLANG_ANALYZER_LOCALIZABILITY_NONLOCALIZED = YES;
				CLANG_ANALYZER_NONNULL = YES;
				CLANG_CXX_LANGUAGE_STANDARD = "gnu++0x";
				CLANG_CXX_LIBRARY = "libc++";
				CLANG_ENABLE_MODULES = YES;
				CLANG_ENABLE_OBJC_ARC = YES;
				CLANG_WARN_BLOCK_CAPTURE_AUTORELEASING = YES;
				CLANG_WARN_BOOL_CONVERSION = YES;
				CLANG_WARN_COMMA = YES;
				CLANG_WARN_CONSTANT_CONVERSION = YES;
				CLANG_WARN_DEPRECATED_OBJC_IMPLEMENTATIONS = YES;
				CLANG_WARN_DIRECT_OBJC_ISA_USAGE = YES_ERROR;
				CLANG_WARN_EMPTY_BODY = YES;
				CLANG_WARN_ENUM_CONVERSION = YES;
				CLANG_WARN_INFINITE_RECURSION = YES;
				CLANG_WARN_INT_CONVERSION = YES;
				CLANG_WARN_NON_LITERAL_NULL_CONVERSION = YES;
				CLANG_WARN_OBJC_IMPLICIT_RETAIN_SELF = YES;
				CLANG_WARN_OBJC_LITERAL_CONVERSION = YES;
				CLANG_WARN_OBJC_ROOT_CLASS = YES_ERROR;
				CLANG_WARN_QUOTED_INCLUDE_IN_FRAMEWORK_HEADER = YES;
				CLANG_WARN_RANGE_LOOP_ANALYSIS = YES;
				CLANG_WARN_STRICT_PROTOTYPES = YES;
				CLANG_WARN_SUSPICIOUS_MOVE = YES;
				CLANG_WARN_UNREACHABLE_CODE = YES;
				CLANG_WARN__DUPLICATE_METHOD_MATCH = YES;
				"CODE_SIGN_IDENTITY[sdk=iphoneos*]" = "iPhone Developer";
				COPY_PHASE_STRIP = NO;
				CURRENT_PROJECT_VERSION = 1;
				DEBUG_INFORMATION_FORMAT = dwarf;
				DEFINES_MODULE = YES;
				ENABLE_MODULE_VERIFIER = YES;
				ENABLE_STRICT_OBJC_MSGSEND = YES;
				ENABLE_TESTABILITY = YES;
				ENABLE_USER_SCRIPT_SANDBOXING = YES;
				GCC_C_LANGUAGE_STANDARD = gnu99;
				GCC_DYNAMIC_NO_PIC = NO;
				GCC_NO_COMMON_BLOCKS = YES;
				GCC_OPTIMIZATION_LEVEL = 0;
				GCC_PREPROCESSOR_DEFINITIONS = (
					"DEBUG=1",
					"$(inherited)",
				);
				GCC_WARN_64_TO_32_BIT_CONVERSION = YES;
				GCC_WARN_ABOUT_RETURN_TYPE = YES_ERROR;
				GCC_WARN_UNDECLARED_SELECTOR = YES;
				GCC_WARN_UNINITIALIZED_AUTOS = YES_AGGRESSIVE;
				GCC_WARN_UNUSED_FUNCTION = YES;
				GCC_WARN_UNUSED_VARIABLE = YES;
				IPHONEOS_DEPLOYMENT_TARGET = 12.0;
				MODULE_VERIFIER_SUPPORTED_LANGUAGE_STANDARDS = "gnu99 gnu++11";
				MTL_ENABLE_DEBUG_INFO = YES;
				ONLY_ACTIVE_ARCH = YES;
				SDKROOT = iphoneos;
				SWIFT_OPTIMIZATION_LEVEL = "-Onone";
				SWIFT_VERSION = 5.0;
				TARGETED_DEVICE_FAMILY = "1,2";
				VERSIONING_SYSTEM = "apple-generic";
				VERSION_INFO_PREFIX = "";
			};
			name = Debug;
		};
		E11594841CFF1491007F8B4F /* Release */ = {
			isa = XCBuildConfiguration;
			buildSettings = {
				ALWAYS_SEARCH_USER_PATHS = NO;
				CLANG_ANALYZER_LOCALIZABILITY_NONLOCALIZED = YES;
				CLANG_ANALYZER_NONNULL = YES;
				CLANG_CXX_LANGUAGE_STANDARD = "gnu++0x";
				CLANG_CXX_LIBRARY = "libc++";
				CLANG_ENABLE_MODULES = YES;
				CLANG_ENABLE_OBJC_ARC = YES;
				CLANG_WARN_BLOCK_CAPTURE_AUTORELEASING = YES;
				CLANG_WARN_BOOL_CONVERSION = YES;
				CLANG_WARN_COMMA = YES;
				CLANG_WARN_CONSTANT_CONVERSION = YES;
				CLANG_WARN_DEPRECATED_OBJC_IMPLEMENTATIONS = YES;
				CLANG_WARN_DIRECT_OBJC_ISA_USAGE = YES_ERROR;
				CLANG_WARN_EMPTY_BODY = YES;
				CLANG_WARN_ENUM_CONVERSION = YES;
				CLANG_WARN_INFINITE_RECURSION = YES;
				CLANG_WARN_INT_CONVERSION = YES;
				CLANG_WARN_NON_LITERAL_NULL_CONVERSION = YES;
				CLANG_WARN_OBJC_IMPLICIT_RETAIN_SELF = YES;
				CLANG_WARN_OBJC_LITERAL_CONVERSION = YES;
				CLANG_WARN_OBJC_ROOT_CLASS = YES_ERROR;
				CLANG_WARN_QUOTED_INCLUDE_IN_FRAMEWORK_HEADER = YES;
				CLANG_WARN_RANGE_LOOP_ANALYSIS = YES;
				CLANG_WARN_STRICT_PROTOTYPES = YES;
				CLANG_WARN_SUSPICIOUS_MOVE = YES;
				CLANG_WARN_UNREACHABLE_CODE = YES;
				CLANG_WARN__DUPLICATE_METHOD_MATCH = YES;
				"CODE_SIGN_IDENTITY[sdk=iphoneos*]" = "iPhone Developer";
				COPY_PHASE_STRIP = NO;
				CURRENT_PROJECT_VERSION = 1;
				DEBUG_INFORMATION_FORMAT = "dwarf-with-dsym";
				DEFINES_MODULE = YES;
				ENABLE_MODULE_VERIFIER = YES;
				ENABLE_NS_ASSERTIONS = NO;
				ENABLE_STRICT_OBJC_MSGSEND = YES;
				ENABLE_USER_SCRIPT_SANDBOXING = YES;
				GCC_C_LANGUAGE_STANDARD = gnu99;
				GCC_NO_COMMON_BLOCKS = YES;
				GCC_WARN_64_TO_32_BIT_CONVERSION = YES;
				GCC_WARN_ABOUT_RETURN_TYPE = YES_ERROR;
				GCC_WARN_UNDECLARED_SELECTOR = YES;
				GCC_WARN_UNINITIALIZED_AUTOS = YES_AGGRESSIVE;
				GCC_WARN_UNUSED_FUNCTION = YES;
				GCC_WARN_UNUSED_VARIABLE = YES;
				IPHONEOS_DEPLOYMENT_TARGET = 12.0;
				MODULE_VERIFIER_SUPPORTED_LANGUAGE_STANDARDS = "gnu99 gnu++11";
				MTL_ENABLE_DEBUG_INFO = NO;
				SDKROOT = iphoneos;
				SWIFT_VERSION = 5.0;
				TARGETED_DEVICE_FAMILY = "1,2";
				VALIDATE_PRODUCT = YES;
				VERSIONING_SYSTEM = "apple-generic";
				VERSION_INFO_PREFIX = "";
			};
			name = Release;
		};
		E11594861CFF1491007F8B4F /* Debug */ = {
			isa = XCBuildConfiguration;
			buildSettings = {
				APPLICATION_EXTENSION_API_ONLY = YES;
				CLANG_ALLOW_NON_MODULAR_INCLUDES_IN_FRAMEWORK_MODULES = YES;
				CLANG_ENABLE_MODULES = YES;
				CLANG_WARN_ASSIGN_ENUM = YES;
				CLANG_WARN_DOCUMENTATION_COMMENTS = YES;
				CLANG_WARN_IMPLICIT_SIGN_CONVERSION = YES;
				CLANG_WARN_SEMICOLON_BEFORE_METHOD_BODY = YES;
				CLANG_WARN_SUSPICIOUS_IMPLICIT_CONVERSION = YES;
				CODE_SIGN_IDENTITY = "";
				CODE_SIGN_STYLE = Automatic;
				DEFINES_MODULE = YES;
				DEVELOPMENT_TEAM = 24B4S7TWC6;
				DYLIB_COMPATIBILITY_VERSION = 1;
				DYLIB_CURRENT_VERSION = 1;
				DYLIB_INSTALL_NAME_BASE = "@rpath";
				ENABLE_MODULE_VERIFIER = YES;
				GCC_TREAT_IMPLICIT_FUNCTION_DECLARATIONS_AS_ERRORS = NO;
				GCC_TREAT_INCOMPATIBLE_POINTER_TYPE_WARNINGS_AS_ERRORS = YES;
				GCC_WARN_ABOUT_MISSING_FIELD_INITIALIZERS = YES;
				GCC_WARN_ABOUT_MISSING_NEWLINE = YES;
				GCC_WARN_ABOUT_MISSING_PROTOTYPES = YES;
				GCC_WARN_FOUR_CHARACTER_CONSTANTS = YES;
				GCC_WARN_INITIALIZER_NOT_FULLY_BRACKETED = YES;
				GCC_WARN_SHADOW = YES;
				GCC_WARN_SIGN_COMPARE = YES;
				GCC_WARN_UNKNOWN_PRAGMAS = YES;
				GCC_WARN_UNUSED_LABEL = YES;
				GCC_WARN_UNUSED_PARAMETER = NO;
				HEADER_SEARCH_PATHS = "";
				INFOPLIST_FILE = Info.plist;
				INSTALL_PATH = "$(LOCAL_LIBRARY_DIR)/Frameworks";
				IPHONEOS_DEPLOYMENT_TARGET = 16.6;
				LD_RUNPATH_SEARCH_PATHS = (
					"$(inherited)",
					"@executable_path/Frameworks",
					"@loader_path/Frameworks",
				);
				MODULE_VERIFIER_SUPPORTED_LANGUAGE_STANDARDS = "gnu99 gnu++11";
				OTHER_SWIFT_FLAGS = "";
				PRODUCT_BUNDLE_IDENTIFIER = com.oursprivacy.OursPrivacy;
				PRODUCT_NAME = "$(TARGET_NAME)";
				PROVISIONING_PROFILE_SPECIFIER = "";
				SKIP_INSTALL = NO;
				SWIFT_ACTIVE_COMPILATION_CONDITIONS = "${inherited} DEBUG";
				SWIFT_INCLUDE_PATHS = "${SRCROOT}";
				SWIFT_OBJC_BRIDGING_HEADER = "";
				SWIFT_OPTIMIZATION_LEVEL = "-Onone";
				SWIFT_SWIFT3_OBJC_INFERENCE = Off;
				SWIFT_VERSION = 5.0;
				USER_HEADER_SEARCH_PATHS = "";
				WATCHOS_DEPLOYMENT_TARGET = 3.0;
			};
			name = Debug;
		};
		E11594871CFF1491007F8B4F /* Release */ = {
			isa = XCBuildConfiguration;
			buildSettings = {
				APPLICATION_EXTENSION_API_ONLY = YES;
				CLANG_ALLOW_NON_MODULAR_INCLUDES_IN_FRAMEWORK_MODULES = YES;
				CLANG_ENABLE_MODULES = YES;
				CLANG_WARN_ASSIGN_ENUM = YES;
				CLANG_WARN_DOCUMENTATION_COMMENTS = YES;
				CLANG_WARN_IMPLICIT_SIGN_CONVERSION = YES;
				CLANG_WARN_SEMICOLON_BEFORE_METHOD_BODY = YES;
				CLANG_WARN_SUSPICIOUS_IMPLICIT_CONVERSION = YES;
				CODE_SIGN_IDENTITY = "";
				CODE_SIGN_STYLE = Automatic;
				DEFINES_MODULE = YES;
				DEVELOPMENT_TEAM = 24B4S7TWC6;
				DYLIB_COMPATIBILITY_VERSION = 1;
				DYLIB_CURRENT_VERSION = 1;
				DYLIB_INSTALL_NAME_BASE = "@rpath";
				ENABLE_MODULE_VERIFIER = YES;
				GCC_TREAT_IMPLICIT_FUNCTION_DECLARATIONS_AS_ERRORS = NO;
				GCC_TREAT_INCOMPATIBLE_POINTER_TYPE_WARNINGS_AS_ERRORS = YES;
				GCC_WARN_ABOUT_MISSING_FIELD_INITIALIZERS = YES;
				GCC_WARN_ABOUT_MISSING_NEWLINE = YES;
				GCC_WARN_ABOUT_MISSING_PROTOTYPES = YES;
				GCC_WARN_FOUR_CHARACTER_CONSTANTS = YES;
				GCC_WARN_INITIALIZER_NOT_FULLY_BRACKETED = YES;
				GCC_WARN_SHADOW = YES;
				GCC_WARN_SIGN_COMPARE = YES;
				GCC_WARN_UNKNOWN_PRAGMAS = YES;
				GCC_WARN_UNUSED_LABEL = YES;
				GCC_WARN_UNUSED_PARAMETER = NO;
				HEADER_SEARCH_PATHS = "";
				INFOPLIST_FILE = Info.plist;
				INSTALL_PATH = "$(LOCAL_LIBRARY_DIR)/Frameworks";
				IPHONEOS_DEPLOYMENT_TARGET = 16.6;
				LD_RUNPATH_SEARCH_PATHS = (
					"$(inherited)",
					"@executable_path/Frameworks",
					"@loader_path/Frameworks",
				);
				MODULE_VERIFIER_SUPPORTED_LANGUAGE_STANDARDS = "gnu99 gnu++11";
				OTHER_SWIFT_FLAGS = "";
				PRODUCT_BUNDLE_IDENTIFIER = com.oursprivacy.OursPrivacy;
				PRODUCT_NAME = "$(TARGET_NAME)";
				PROVISIONING_PROFILE_SPECIFIER = "";
				SKIP_INSTALL = NO;
				SWIFT_ACTIVE_COMPILATION_CONDITIONS = "${inherited}";
				SWIFT_COMPILATION_MODE = wholemodule;
				SWIFT_INCLUDE_PATHS = "${SRCROOT}";
				SWIFT_OBJC_BRIDGING_HEADER = "";
				SWIFT_OPTIMIZATION_LEVEL = "-O";
				SWIFT_SWIFT3_OBJC_INFERENCE = Off;
				SWIFT_VERSION = 5.0;
				USER_HEADER_SEARCH_PATHS = "";
				WATCHOS_DEPLOYMENT_TARGET = 3.0;
			};
			name = Release;
		};
		E12782B81D4AB4B30025FB05 /* Debug */ = {
			isa = XCBuildConfiguration;
			buildSettings = {
				APPLICATION_EXTENSION_API_ONLY = YES;
				CLANG_ALLOW_NON_MODULAR_INCLUDES_IN_FRAMEWORK_MODULES = YES;
				CLANG_WARN_DOCUMENTATION_COMMENTS = YES;
				CODE_SIGN_IDENTITY = "";
				DEFINES_MODULE = YES;
				DYLIB_COMPATIBILITY_VERSION = 1;
				DYLIB_CURRENT_VERSION = 1;
				DYLIB_INSTALL_NAME_BASE = "@rpath";
				ENABLE_MODULE_VERIFIER = YES;
				INFOPLIST_FILE = Info.plist;
				INSTALL_PATH = "$(LOCAL_LIBRARY_DIR)/Frameworks";
				LD_RUNPATH_SEARCH_PATHS = (
					"$(inherited)",
					"@executable_path/Frameworks",
					"@loader_path/Frameworks",
				);
				MODULE_VERIFIER_SUPPORTED_LANGUAGE_STANDARDS = "gnu99 gnu++11";
				PRODUCT_BUNDLE_IDENTIFIER = com.oursprivacy.OursPrivacy;
				PRODUCT_MODULE_NAME = "$(PRODUCT_NAME:c99extidentifier)";
				PRODUCT_NAME = OursPrivacy;
				SDKROOT = appletvos;
				SKIP_INSTALL = YES;
				SWIFT_ACTIVE_COMPILATION_CONDITIONS = DEBUG;
				SWIFT_SWIFT3_OBJC_INFERENCE = Off;
				SWIFT_VERSION = 5.0;
				TARGETED_DEVICE_FAMILY = 3;
				TVOS_DEPLOYMENT_TARGET = 12.0;
			};
			name = Debug;
		};
		E12782B91D4AB4B30025FB05 /* Release */ = {
			isa = XCBuildConfiguration;
			buildSettings = {
				APPLICATION_EXTENSION_API_ONLY = YES;
				CLANG_ALLOW_NON_MODULAR_INCLUDES_IN_FRAMEWORK_MODULES = YES;
				CLANG_WARN_DOCUMENTATION_COMMENTS = YES;
				CODE_SIGN_IDENTITY = "";
				DEFINES_MODULE = YES;
				DYLIB_COMPATIBILITY_VERSION = 1;
				DYLIB_CURRENT_VERSION = 1;
				DYLIB_INSTALL_NAME_BASE = "@rpath";
				ENABLE_MODULE_VERIFIER = YES;
				INFOPLIST_FILE = Info.plist;
				INSTALL_PATH = "$(LOCAL_LIBRARY_DIR)/Frameworks";
				LD_RUNPATH_SEARCH_PATHS = (
					"$(inherited)",
					"@executable_path/Frameworks",
					"@loader_path/Frameworks",
				);
				MODULE_VERIFIER_SUPPORTED_LANGUAGE_STANDARDS = "gnu99 gnu++11";
				PRODUCT_BUNDLE_IDENTIFIER = com.oursprivacy.OursPrivacy;
				PRODUCT_MODULE_NAME = "$(PRODUCT_NAME:c99extidentifier)";
				PRODUCT_NAME = OursPrivacy;
				SDKROOT = appletvos;
				SKIP_INSTALL = YES;
				SWIFT_ACTIVE_COMPILATION_CONDITIONS = "";
				SWIFT_COMPILATION_MODE = wholemodule;
				SWIFT_OPTIMIZATION_LEVEL = "-O";
				SWIFT_SWIFT3_OBJC_INFERENCE = Off;
				SWIFT_VERSION = 5.0;
				TARGETED_DEVICE_FAMILY = 3;
				TVOS_DEPLOYMENT_TARGET = 12.0;
			};
			name = Release;
		};
		E1F15FCE1E64A10800391AE3 /* Debug */ = {
			isa = XCBuildConfiguration;
			buildSettings = {
				APPLICATION_EXTENSION_API_ONLY = YES;
				CLANG_ALLOW_NON_MODULAR_INCLUDES_IN_FRAMEWORK_MODULES = YES;
				CLANG_WARN_DOCUMENTATION_COMMENTS = YES;
				CODE_SIGN_IDENTITY = "-";
				COMBINE_HIDPI_IMAGES = YES;
				DEAD_CODE_STRIPPING = YES;
				DEFINES_MODULE = YES;
				DEVELOPMENT_TEAM = "";
				DYLIB_COMPATIBILITY_VERSION = 1;
				DYLIB_CURRENT_VERSION = 1;
				DYLIB_INSTALL_NAME_BASE = "@rpath";
				ENABLE_MODULE_VERIFIER = YES;
				FRAMEWORK_VERSION = A;
				INFOPLIST_FILE = Info.plist;
				INSTALL_PATH = "$(LOCAL_LIBRARY_DIR)/Frameworks";
				LD_RUNPATH_SEARCH_PATHS = (
					"$(inherited)",
					"@executable_path/../Frameworks",
					"@loader_path/Frameworks",
				);
				MACOSX_DEPLOYMENT_TARGET = 11.0;
				MODULE_VERIFIER_SUPPORTED_LANGUAGE_STANDARDS = "gnu99 gnu++11";
				PRODUCT_BUNDLE_IDENTIFIER = com.oursprivacy.OursPrivacy;
				PRODUCT_MODULE_NAME = "$(PRODUCT_NAME:c99extidentifier)";
				PRODUCT_NAME = OursPrivacy;
				SDKROOT = macosx;
				SKIP_INSTALL = YES;
				SWIFT_ACTIVE_COMPILATION_CONDITIONS = DEBUG;
				SWIFT_SWIFT3_OBJC_INFERENCE = Off;
				SWIFT_VERSION = 5.0;
			};
			name = Debug;
		};
		E1F15FCF1E64A10800391AE3 /* Release */ = {
			isa = XCBuildConfiguration;
			buildSettings = {
				APPLICATION_EXTENSION_API_ONLY = YES;
				CLANG_ALLOW_NON_MODULAR_INCLUDES_IN_FRAMEWORK_MODULES = YES;
				CLANG_WARN_DOCUMENTATION_COMMENTS = YES;
				CODE_SIGN_IDENTITY = "-";
				COMBINE_HIDPI_IMAGES = YES;
				DEAD_CODE_STRIPPING = YES;
				DEFINES_MODULE = YES;
				DEVELOPMENT_TEAM = "";
				DYLIB_COMPATIBILITY_VERSION = 1;
				DYLIB_CURRENT_VERSION = 1;
				DYLIB_INSTALL_NAME_BASE = "@rpath";
				ENABLE_MODULE_VERIFIER = YES;
				FRAMEWORK_VERSION = A;
				INFOPLIST_FILE = Info.plist;
				INSTALL_PATH = "$(LOCAL_LIBRARY_DIR)/Frameworks";
				LD_RUNPATH_SEARCH_PATHS = (
					"$(inherited)",
					"@executable_path/../Frameworks",
					"@loader_path/Frameworks",
				);
				MACOSX_DEPLOYMENT_TARGET = 11.0;
				MODULE_VERIFIER_SUPPORTED_LANGUAGE_STANDARDS = "gnu99 gnu++11";
				PRODUCT_BUNDLE_IDENTIFIER = com.oursprivacy.OursPrivacy;
				PRODUCT_MODULE_NAME = "$(PRODUCT_NAME:c99extidentifier)";
				PRODUCT_NAME = OursPrivacy;
				SDKROOT = macosx;
				SKIP_INSTALL = YES;
				SWIFT_ACTIVE_COMPILATION_CONDITIONS = "";
				SWIFT_COMPILATION_MODE = wholemodule;
				SWIFT_OPTIMIZATION_LEVEL = "-O";
				SWIFT_SWIFT3_OBJC_INFERENCE = Off;
				SWIFT_VERSION = 5.0;
			};
			name = Release;
		};
/* End XCBuildConfiguration section */

/* Begin XCConfigurationList section */
		7F4C45592DA98C4900F07B25 /* Build configuration list for PBXNativeTarget "OursPrivacy" */ = {
			isa = XCConfigurationList;
			buildConfigurations = (
				7F4C455A2DA98C4900F07B25 /* Debug */,
				7F4C455B2DA98C4900F07B25 /* Release */,
			);
			defaultConfigurationIsVisible = 0;
			defaultConfigurationName = Release;
		};
		7F4C455C2DA98C4900F07B25 /* Build configuration list for PBXNativeTarget "OursPrivacyTests" */ = {
			isa = XCConfigurationList;
			buildConfigurations = (
				7F4C455D2DA98C4900F07B25 /* Debug */,
				7F4C455E2DA98C4900F07B25 /* Release */,
			);
			defaultConfigurationIsVisible = 0;
			defaultConfigurationName = Release;
		};
		86F86E88224404BD00B69832 /* Build configuration list for PBXNativeTarget "OursPrivacy_watchOS" */ = {
			isa = XCConfigurationList;
			buildConfigurations = (
				86F86E86224404BD00B69832 /* Debug */,
				86F86E87224404BD00B69832 /* Release */,
			);
			defaultConfigurationIsVisible = 0;
			defaultConfigurationName = Release;
		};
		E11594771CFF1491007F8B4F /* Build configuration list for PBXProject "OursPrivacy" */ = {
			isa = XCConfigurationList;
			buildConfigurations = (
				E11594831CFF1491007F8B4F /* Debug */,
				E11594841CFF1491007F8B4F /* Release */,
			);
			defaultConfigurationIsVisible = 0;
			defaultConfigurationName = Release;
		};
		E11594851CFF1491007F8B4F /* Build configuration list for PBXNativeTarget "OursPrivacyOld" */ = {
			isa = XCConfigurationList;
			buildConfigurations = (
				E11594861CFF1491007F8B4F /* Debug */,
				E11594871CFF1491007F8B4F /* Release */,
			);
			defaultConfigurationIsVisible = 0;
			defaultConfigurationName = Release;
		};
		E12782BA1D4AB4B30025FB05 /* Build configuration list for PBXNativeTarget "OursPrivacy_tvOS" */ = {
			isa = XCConfigurationList;
			buildConfigurations = (
				E12782B81D4AB4B30025FB05 /* Debug */,
				E12782B91D4AB4B30025FB05 /* Release */,
			);
			defaultConfigurationIsVisible = 0;
			defaultConfigurationName = Release;
		};
		E1F15FD01E64A10800391AE3 /* Build configuration list for PBXNativeTarget "OursPrivacy_macOS" */ = {
			isa = XCConfigurationList;
			buildConfigurations = (
				E1F15FCE1E64A10800391AE3 /* Debug */,
				E1F15FCF1E64A10800391AE3 /* Release */,
			);
			defaultConfigurationIsVisible = 0;
			defaultConfigurationName = Release;
		};
/* End XCConfigurationList section */
	};
	rootObject = E11594741CFF1491007F8B4F /* Project object */;
}
